<?xml version="1.0" encoding="utf-8"?>
<Project ToolsVersion="4.0" xmlns="http://schemas.microsoft.com/developer/msbuild/2003">
  <ItemGroup>
    <Filter Include="Source Files">
      <UniqueIdentifier>{4FC737F1-C7A5-4376-A066-2A32D752A2FF}</UniqueIdentifier>
      <Extensions>cpp;c;cxx;def;odl;idl;hpj;bat;asm;asmx</Extensions>
    </Filter>
    <Filter Include="Header Files">
      <UniqueIdentifier>{93995380-89BD-4b04-88EB-625FBE52EBFB}</UniqueIdentifier>
      <Extensions>h;hpp;hxx;hm;inl;inc;xsd</Extensions>
    </Filter>
  </ItemGroup>
  <ItemGroup>
    <ClCompile Include="src\acceptor.cpp">
      <Filter>Source Files</Filter>
    </ClCompile>
    <ClCompile Include="src\atomic.cpp">
      <Filter>Source Files</Filter>
    </ClCompile>
    <ClCompile Include="src\connector.cpp">
      <Filter>Source Files</Filter>
    </ClCompile>
    <ClCompile Include="src\dll.cpp">
      <Filter>Source Files</Filter>
    </ClCompile>
    <ClCompile Include="src\event_reactor.cpp">
      <Filter>Source Files</Filter>
    </ClCompile>
    <ClCompile Include="src\event_reactor_timer.cpp">
      <Filter>Source Files</Filter>
    </ClCompile>
    <ClCompile Include="src\host_app.cpp">
      <Filter>Source Files</Filter>
    </ClCompile>
    <ClCompile Include="src\ipc_socket.cpp">
      <Filter>Source Files</Filter>
    </ClCompile>
    <ClCompile Include="src\misc.cpp">
      <Filter>Source Files</Filter>
    </ClCompile>
    <ClCompile Include="src\mt_message_queue.cpp">
      <Filter>Source Files</Filter>
    </ClCompile>
    <ClCompile Include="src\mt_mysql_connector.cpp">
      <Filter>Source Files</Filter>
    </ClCompile>
    <ClCompile Include="src\st_mysql_query.cpp">
      <Filter>Source Files</Filter>
    </ClCompile>
    <ClCompile Include="src\stream_nio.cpp">
      <Filter>Source Files</Filter>
    </ClCompile>
    <ClCompile Include="src\thread.cpp">
      <Filter>Source Files</Filter>
    </ClCompile>
  </ItemGroup>
  <ItemGroup>
    <ClInclude Include="inc\acceptor.h">
      <Filter>Header Files</Filter>
    </ClInclude>
    <ClInclude Include="inc\atomic.h">
      <Filter>Header Files</Filter>
    </ClInclude>
    <ClInclude Include="inc\connector.h">
      <Filter>Header Files</Filter>
    </ClInclude>
    <ClInclude Include="inc\dll.h">
      <Filter>Header Files</Filter>
    </ClInclude>
    <ClInclude Include="inc\event_handler.h">
      <Filter>Header Files</Filter>
    </ClInclude>
    <ClInclude Include="inc\event_reactor.h">
      <Filter>Header Files</Filter>
    </ClInclude>
    <ClInclude Include="inc\event_reactor_timer.h">
      <Filter>Header Files</Filter>
    </ClInclude>
    <ClInclude Include="inc\host_app.h">
      <Filter>Header Files</Filter>
    </ClInclude>
    <ClInclude Include="inc\ipc_socket.h">
      <Filter>Header Files</Filter>
    </ClInclude>
    <ClInclude Include="inc\memory_chunk.h">
      <Filter>Header Files</Filter>
    </ClInclude>
    <ClInclude Include="inc\memory_chunk_adaptive.h">
      <Filter>Header Files</Filter>
    </ClInclude>
    <ClInclude Include="inc\misc.h">
      <Filter>Header Files</Filter>
    </ClInclude>
    <ClInclude Include="inc\mt_fifo.h">
      <Filter>Header Files</Filter>
    </ClInclude>
    <ClInclude Include="inc\mt_lifo.h">
      <Filter>Header Files</Filter>
    </ClInclude>
    <ClInclude Include="inc\mt_message_queue.h">
      <Filter>Header Files</Filter>
    </ClInclude>
    <ClInclude Include="inc\mt_mysql_connector.h">
      <Filter>Header Files</Filter>
    </ClInclude>
    <ClInclude Include="inc\numeric_type.h">
      <Filter>Header Files</Filter>
    </ClInclude>
    <ClInclude Include="inc\plugin.h">
      <Filter>Header Files</Filter>
    </ClInclude>
    <ClInclude Include="inc\protocol_type.h">
      <Filter>Header Files</Filter>
    </ClInclude>
    <ClInclude Include="inc\signal.h">
      <Filter>Header Files</Filter>
    </ClInclude>
    <ClInclude Include="inc\st_fifo.h">
      <Filter>Header Files</Filter>
    </ClInclude>
    <ClInclude Include="inc\st_lifo.h">
      <Filter>Header Files</Filter>
    </ClInclude>
    <ClInclude Include="inc\st_mysql_query.h">
      <Filter>Header Files</Filter>
    </ClInclude>
    <ClInclude Include="inc\st_order_list.h">
      <Filter>Header Files</Filter>
    </ClInclude>
    <ClInclude Include="inc\stream_nio.h">
      <Filter>Header Files</Filter>
    </ClInclude>
    <ClInclude Include="inc\thread.h">
      <Filter>Header Files</Filter>
    </ClInclude>
  </ItemGroup>
</Project>