Microsoft Visual Studio Solution File, Format Version 8.00
Project("{8BC9CEB8-8B4A-11D0-8D11-00A0C91BC942}") = "WHNET", "..\..\ENGINE\WHNET\WHNET.vcproj", "{020CDDD2-4A25-437C-B930-F67C46741D99}"
	ProjectSection(ProjectDependencies) = postProject
	EndProjectSection
EndProject
Project("{8BC9CEB8-8B4A-11D0-8D11-00A0C91BC942}") = "WHCMN", "..\..\ENGINE\WHCMN\WHCMN.vcproj", "{96BBD710-F10A-40F7-A8AB-D0102B985CEB}"
	ProjectSection(ProjectDependencies) = postProject
	EndProjectSection
EndProject
Project("{8BC9CEB8-8B4A-11D0-8D11-00A0C91BC942}") = "PNGS", "..\..\ENGINE\PNGS\PNGS.vcproj", "{4066490D-7B23-46EF-A692-7D1D4BE47457}"
	ProjectSection(ProjectDependencies) = postProject
	EndProjectSection
EndProject
Project("{8BC9CEB8-8B4A-11D0-8D11-00A0C91BC942}") = "Common", "..\..\TTY\Common\Common.vcproj", "{26C98B97-B739-4EC9-8216-0A7DCA5CBF0C}"
	ProjectSection(ProjectDependencies) = postProject
	EndProjectSection
EndProject
Project("{8BC9CEB8-8B4A-11D0-8D11-00A0C91BC942}") = "GMSGamePlay", "..\..\TTY\GMSGamePlay\GMSGamePlay.vcproj", "{E92591A3-FB51-4700-9C46-CEB318E757E8}"
	ProjectSection(ProjectDependencies) = postProject
		{A358F307-B5F5-42B4-A173-C289EC9EFF42} = {A358F307-B5F5-42B4-A173-C289EC9EFF42}
		{4066490D-7B23-46EF-A692-7D1D4BE47457} = {4066490D-7B23-46EF-A692-7D1D4BE47457}
		{96BBD710-F10A-40F7-A8AB-D0102B985CEB} = {96BBD710-F10A-40F7-A8AB-D0102B985CEB}
		{197D6B6C-80A4-458B-B2B4-7B9D402A9C77} = {197D6B6C-80A4-458B-B2B4-7B9D402A9C77}
		{26C98B97-B739-4EC9-8216-0A7DCA5CBF0C} = {26C98B97-B739-4EC9-8216-0A7DCA5CBF0C}
		{020CDDD2-4A25-437C-B930-F67C46741D99} = {020CDDD2-4A25-437C-B930-F67C46741D99}
	EndProjectSection
EndProject
Project("{8BC9CEB8-8B4A-11D0-8D11-00A0C91BC942}") = "GMSMainStructure", "..\..\TTY\GMSMainStructure\GMSMainStructure.vcproj", "{76E6FBB7-666B-4708-8E37-9739D885BED8}"
	ProjectSection(ProjectDependencies) = postProject
		{4066490D-7B23-46EF-A692-7D1D4BE47457} = {4066490D-7B23-46EF-A692-7D1D4BE47457}
		{96BBD710-F10A-40F7-A8AB-D0102B985CEB} = {96BBD710-F10A-40F7-A8AB-D0102B985CEB}
		{020CDDD2-4A25-437C-B930-F67C46741D99} = {020CDDD2-4A25-437C-B930-F67C46741D99}
	EndProjectSection
EndProject
Project("{8BC9CEB8-8B4A-11D0-8D11-00A0C91BC942}") = "GSDB", "..\..\TTY\GSDB\GSDB.vcproj", "{86C27726-CC02-436C-AB44-A9D8EF102E68}"
	ProjectSection(ProjectDependencies) = postProject
		{4066490D-7B23-46EF-A692-7D1D4BE47457} = {4066490D-7B23-46EF-A692-7D1D4BE47457}
		{96BBD710-F10A-40F7-A8AB-D0102B985CEB} = {96BBD710-F10A-40F7-A8AB-D0102B985CEB}
		{944D7839-2DF4-4762-ACB3-329861E59502} = {944D7839-2DF4-4762-ACB3-329861E59502}
		{7468F8C5-FA7F-4B24-84FB-07A3DE2776A2} = {7468F8C5-FA7F-4B24-84FB-07A3DE2776A2}
		{14E101CE-E76A-4D0E-B44A-FA4C73EC4CA3} = {14E101CE-E76A-4D0E-B44A-FA4C73EC4CA3}
		{020CDDD2-4A25-437C-B930-F67C46741D99} = {020CDDD2-4A25-437C-B930-F67C46741D99}
	EndProjectSection
EndProject
Project("{8BC9CEB8-8B4A-11D0-8D11-00A0C91BC942}") = "GZSMainStructure", "..\..\TTY\GZSMainStructure\GZSMainStructure.vcproj", "{93444B96-B059-4BE6-A2C7-45795A7D806C}"
	ProjectSection(ProjectDependencies) = postProject
		{4066490D-7B23-46EF-A692-7D1D4BE47457} = {4066490D-7B23-46EF-A692-7D1D4BE47457}
		{96BBD710-F10A-40F7-A8AB-D0102B985CEB} = {96BBD710-F10A-40F7-A8AB-D0102B985CEB}
		{020CDDD2-4A25-437C-B930-F67C46741D99} = {020CDDD2-4A25-437C-B930-F67C46741D99}
	EndProjectSection
EndProject
Project("{8BC9CEB8-8B4A-11D0-8D11-00A0C91BC942}") = "XCMNSVR", "..\..\TTY\XCMNSVR\XCMNSVR.vcproj", "{5D066A86-FE2C-40AE-B389-5C427E9C4A10}"
	ProjectSection(ProjectDependencies) = postProject
		{A358F307-B5F5-42B4-A173-C289EC9EFF42} = {A358F307-B5F5-42B4-A173-C289EC9EFF42}
		{4066490D-7B23-46EF-A692-7D1D4BE47457} = {4066490D-7B23-46EF-A692-7D1D4BE47457}
		{96BBD710-F10A-40F7-A8AB-D0102B985CEB} = {96BBD710-F10A-40F7-A8AB-D0102B985CEB}
		{020CDDD2-4A25-437C-B930-F67C46741D99} = {020CDDD2-4A25-437C-B930-F67C46741D99}
	EndProjectSection
EndProject
Project("{8BC9CEB8-8B4A-11D0-8D11-00A0C91BC942}") = "XSHMSVR", "..\..\TTY\XSHMSVR\XSHMSVR.vcproj", "{E988AC51-0E6F-4EF4-938F-5F9BEAB06A2F}"
	ProjectSection(ProjectDependencies) = postProject
		{A358F307-B5F5-42B4-A173-C289EC9EFF42} = {A358F307-B5F5-42B4-A173-C289EC9EFF42}
		{96BBD710-F10A-40F7-A8AB-D0102B985CEB} = {96BBD710-F10A-40F7-A8AB-D0102B985CEB}
	EndProjectSection
EndProject
Project("{8BC9CEB8-8B4A-11D0-8D11-00A0C91BC942}") = "glogger", "..\..\TTY\glogger\glogger.vcproj", "{0C53308F-EE47-4118-A92C-61B5CEAF1E6E}"
	ProjectSection(ProjectDependencies) = postProject
		{96BBD710-F10A-40F7-A8AB-D0102B985CEB} = {96BBD710-F10A-40F7-A8AB-D0102B985CEB}
		{020CDDD2-4A25-437C-B930-F67C46741D99} = {020CDDD2-4A25-437C-B930-F67C46741D99}
	EndProjectSection
EndProject
Project("{8BC9CEB8-8B4A-11D0-8D11-00A0C91BC942}") = "XCLS2", "..\..\TTY\XCLS2\XCLS2.vcproj", "{85240C80-269A-4E28-BBF5-192E0EC14CF1}"
	ProjectSection(ProjectDependencies) = postProject
		{A358F307-B5F5-42B4-A173-C289EC9EFF42} = {A358F307-B5F5-42B4-A173-C289EC9EFF42}
		{4066490D-7B23-46EF-A692-7D1D4BE47457} = {4066490D-7B23-46EF-A692-7D1D4BE47457}
		{96BBD710-F10A-40F7-A8AB-D0102B985CEB} = {96BBD710-F10A-40F7-A8AB-D0102B985CEB}
		{020CDDD2-4A25-437C-B930-F67C46741D99} = {020CDDD2-4A25-437C-B930-F67C46741D99}
	EndProjectSection
EndProject
Project("{8BC9CEB8-8B4A-11D0-8D11-00A0C91BC942}") = "XCAAFS2", "..\..\TTY\XCAAFS2\XCAAFS2.vcproj", "{8EFBFCAA-2A89-4A42-88BF-7E0DBBB6AF7F}"
	ProjectSection(ProjectDependencies) = postProject
		{A358F307-B5F5-42B4-A173-C289EC9EFF42} = {A358F307-B5F5-42B4-A173-C289EC9EFF42}
		{4066490D-7B23-46EF-A692-7D1D4BE47457} = {4066490D-7B23-46EF-A692-7D1D4BE47457}
		{96BBD710-F10A-40F7-A8AB-D0102B985CEB} = {96BBD710-F10A-40F7-A8AB-D0102B985CEB}
		{020CDDD2-4A25-437C-B930-F67C46741D99} = {020CDDD2-4A25-437C-B930-F67C46741D99}
	EndProjectSection
EndProject
Project("{8BC9CEB8-8B4A-11D0-8D11-00A0C91BC942}") = "cryptlib", "..\..\..\3RD\cryptlib\cryptlib.vcproj", "{A358F307-B5F5-42B4-A173-C289EC9EFF42}"
	ProjectSection(ProjectDependencies) = postProject
	EndProjectSection
EndProject
Project("{8BC9CEB8-8B4A-11D0-8D11-00A0C91BC942}") = "TinyXML", "..\..\..\3RD\TinyXML\TinyXML.vcproj", "{F9ADD08F-8B58-4AFA-8633-78CC6DCA750C}"
	ProjectSection(ProjectDependencies) = postProject
	EndProjectSection
EndProject
Project("{8BC9CEB8-8B4A-11D0-8D11-00A0C91BC942}") = "GCChat", "..\..\TTY\GCChat\GCChat.vcproj", "{28B08FF6-8851-4112-B87B-8E82543033A6}"
	ProjectSection(ProjectDependencies) = postProject
		{4066490D-7B23-46EF-A692-7D1D4BE47457} = {4066490D-7B23-46EF-A692-7D1D4BE47457}
		{96BBD710-F10A-40F7-A8AB-D0102B985CEB} = {96BBD710-F10A-40F7-A8AB-D0102B985CEB}
		{944D7839-2DF4-4762-ACB3-329861E59502} = {944D7839-2DF4-4762-ACB3-329861E59502}
		{3FEAED66-F5DD-46C6-BC36-7A68305CB61B} = {3FEAED66-F5DD-46C6-BC36-7A68305CB61B}
		{020CDDD2-4A25-437C-B930-F67C46741D99} = {020CDDD2-4A25-437C-B930-F67C46741D99}
		{E1EB35FD-7651-40E6-8D2F-F34447407834} = {E1EB35FD-7651-40E6-8D2F-F34447407834}
	EndProjectSection
EndProject
Project("{8BC9CEB8-8B4A-11D0-8D11-00A0C91BC942}") = "MCE", "..\..\ENGINE\MCE\MCE.vcproj", "{3FEAED66-F5DD-46C6-BC36-7A68305CB61B}"
	ProjectSection(ProjectDependencies) = postProject
		{944D7839-2DF4-4762-ACB3-329861E59502} = {944D7839-2DF4-4762-ACB3-329861E59502}
	EndProjectSection
EndProject
Project("{8BC9CEB8-8B4A-11D0-8D11-00A0C91BC942}") = "MCE4Chat", "..\..\ENGINE\MCE4Chat\MCE4Chat.vcproj", "{E1EB35FD-7651-40E6-8D2F-F34447407834}"
	ProjectSection(ProjectDependencies) = postProject
		{944D7839-2DF4-4762-ACB3-329861E59502} = {944D7839-2DF4-4762-ACB3-329861E59502}
	EndProjectSection
EndProject
Project("{8BC9CEB8-8B4A-11D0-8D11-00A0C91BC942}") = "GSGC", "..\..\TTY\GSGC\GSGC.vcproj", "{4E71F010-3043-4A77-A79E-5F37DF50FE0F}"
	ProjectSection(ProjectDependencies) = postProject
		{4066490D-7B23-46EF-A692-7D1D4BE47457} = {4066490D-7B23-46EF-A692-7D1D4BE47457}
		{96BBD710-F10A-40F7-A8AB-D0102B985CEB} = {96BBD710-F10A-40F7-A8AB-D0102B985CEB}
		{944D7839-2DF4-4762-ACB3-329861E59502} = {944D7839-2DF4-4762-ACB3-329861E59502}
		{6312EB65-FAAB-4197-B403-8966ABCF57EB} = {6312EB65-FAAB-4197-B403-8966ABCF57EB}
		{3FEAED66-F5DD-46C6-BC36-7A68305CB61B} = {3FEAED66-F5DD-46C6-BC36-7A68305CB61B}
		{020CDDD2-4A25-437C-B930-F67C46741D99} = {020CDDD2-4A25-437C-B930-F67C46741D99}
		{E1EB35FD-7651-40E6-8D2F-F34447407834} = {E1EB35FD-7651-40E6-8D2F-F34447407834}
	EndProjectSection
EndProject
Project("{8BC9CEB8-8B4A-11D0-8D11-00A0C91BC942}") = "GSMEM", "..\..\TTY\GSMEM\GSMEM.vcproj", "{E02B3CB3-0C17-48C7-9B1B-B357565A8E7D}"
	ProjectSection(ProjectDependencies) = postProject
		{4066490D-7B23-46EF-A692-7D1D4BE47457} = {4066490D-7B23-46EF-A692-7D1D4BE47457}
		{96BBD710-F10A-40F7-A8AB-D0102B985CEB} = {96BBD710-F10A-40F7-A8AB-D0102B985CEB}
		{020CDDD2-4A25-437C-B930-F67C46741D99} = {020CDDD2-4A25-437C-B930-F67C46741D99}
	EndProjectSection
EndProject
Project("{8BC9CEB8-8B4A-11D0-8D11-00A0C91BC942}") = "GCAssist", "..\..\TTY\GCAssist\GCAssist.vcproj", "{F2B15F76-34E5-4E10-AAC4-C6B52AD3C82F}"
	ProjectSection(ProjectDependencies) = postProject
		{A358F307-B5F5-42B4-A173-C289EC9EFF42} = {A358F307-B5F5-42B4-A173-C289EC9EFF42}
		{4066490D-7B23-46EF-A692-7D1D4BE47457} = {4066490D-7B23-46EF-A692-7D1D4BE47457}
		{96BBD710-F10A-40F7-A8AB-D0102B985CEB} = {96BBD710-F10A-40F7-A8AB-D0102B985CEB}
		{020CDDD2-4A25-437C-B930-F67C46741D99} = {020CDDD2-4A25-437C-B930-F67C46741D99}
	EndProjectSection
EndProject
Project("{8BC9CEB8-8B4A-11D0-8D11-00A0C91BC942}") = "GSDB_Lib", "..\..\TTY\GSDB_Lib\GSDB_Lib.vcproj", "{7468F8C5-FA7F-4B24-84FB-07A3DE2776A2}"
	ProjectSection(ProjectDependencies) = postProject
	EndProjectSection
EndProject
Project("{8BC9CEB8-8B4A-11D0-8D11-00A0C91BC942}") = "GSGC_Lib", "..\..\TTY\GSGC_Lib\GSGC_Lib.vcproj", "{6312EB65-FAAB-4197-B403-8966ABCF57EB}"
	ProjectSection(ProjectDependencies) = postProject
	EndProjectSection
EndProject
Project("{8BC9CEB8-8B4A-11D0-8D11-00A0C91BC942}") = "GMSGamePlay_Lib", "..\..\TTY\GMSGamePlay_Lib\GMSGamePlay_Lib.vcproj", "{197D6B6C-80A4-458B-B2B4-7B9D402A9C77}"
	ProjectSection(ProjectDependencies) = postProject
	EndProjectSection
EndProject
Project("{8BC9CEB8-8B4A-11D0-8D11-00A0C91BC942}") = "DIA", "..\..\ENGINE\DIA\DIA.vcproj", "{944D7839-2DF4-4762-ACB3-329861E59502}"
	ProjectSection(ProjectDependencies) = postProject
	EndProjectSection
EndProject
Project("{8BC9CEB8-8B4A-11D0-8D11-00A0C91BC942}") = "DIA4DBI", "..\..\ENGINE\DIA4DBI\DIA4DBI.vcproj", "{14E101CE-E76A-4D0E-B44A-FA4C73EC4CA3}"
	ProjectSection(ProjectDependencies) = postProject
	EndProjectSection
EndProject
Project("{8BC9CEB8-8B4A-11D0-8D11-00A0C91BC942}") = "TTYVerifyCodeClient", "..\..\TTY\TTYVerifyCodeClient\TTYVerifyCodeClient.vcproj", "{F475BC25-DD20-4659-92C5-BE2412D5A99E}"
	ProjectSection(ProjectDependencies) = postProject
		{A358F307-B5F5-42B4-A173-C289EC9EFF42} = {A358F307-B5F5-42B4-A173-C289EC9EFF42}
		{4066490D-7B23-46EF-A692-7D1D4BE47457} = {4066490D-7B23-46EF-A692-7D1D4BE47457}
		{96BBD710-F10A-40F7-A8AB-D0102B985CEB} = {96BBD710-F10A-40F7-A8AB-D0102B985CEB}
		{FCC9E3C7-38A1-4633-A5FF-77FEFFC53E42} = {FCC9E3C7-38A1-4633-A5FF-77FEFFC53E42}
		{020CDDD2-4A25-437C-B930-F67C46741D99} = {020CDDD2-4A25-437C-B930-F67C46741D99}
	EndProjectSection
EndProject
Project("{8BC9CEB8-8B4A-11D0-8D11-00A0C91BC942}") = "TTYVerifyCodeClient_Lib", "..\..\TTY\TTYVerifyCodeClient_Lib\TTYVerifyCodeClient_Lib.vcproj", "{FCC9E3C7-38A1-4633-A5FF-77FEFFC53E42}"
	ProjectSection(ProjectDependencies) = postProject
	EndProjectSection
EndProject
Project("{8BC9CEB8-8B4A-11D0-8D11-00A0C91BC942}") = "GMSBBS", "..\..\TTY\GMSBBS\GMSBBS.vcproj", "{7E2CC73E-5A80-4FE1-B497-64E27205C677}"
	ProjectSection(ProjectDependencies) = postProject
		{A358F307-B5F5-42B4-A173-C289EC9EFF42} = {A358F307-B5F5-42B4-A173-C289EC9EFF42}
		{4066490D-7B23-46EF-A692-7D1D4BE47457} = {4066490D-7B23-46EF-A692-7D1D4BE47457}
		{96BBD710-F10A-40F7-A8AB-D0102B985CEB} = {96BBD710-F10A-40F7-A8AB-D0102B985CEB}
		{197D6B6C-80A4-458B-B2B4-7B9D402A9C77} = {197D6B6C-80A4-458B-B2B4-7B9D402A9C77}
		{0E50D283-C027-4A50-8FEC-B9481527AAFF} = {0E50D283-C027-4A50-8FEC-B9481527AAFF}
		{5D066A86-FE2C-40AE-B389-5C427E9C4A10} = {5D066A86-FE2C-40AE-B389-5C427E9C4A10}
		{26C98B97-B739-4EC9-8216-0A7DCA5CBF0C} = {26C98B97-B739-4EC9-8216-0A7DCA5CBF0C}
		{E92591A3-FB51-4700-9C46-CEB318E757E8} = {E92591A3-FB51-4700-9C46-CEB318E757E8}
		{020CDDD2-4A25-437C-B930-F67C46741D99} = {020CDDD2-4A25-437C-B930-F67C46741D99}
	EndProjectSection
EndProject
Project("{8BC9CEB8-8B4A-11D0-8D11-00A0C91BC942}") = "GMSBBS_Lib", "..\..\TTY\GMSBBS_Lib\GMSBBS_Lib.vcproj", "{0E50D283-C027-4A50-8FEC-B9481527AAFF}"
	ProjectSection(ProjectDependencies) = postProject
	EndProjectSection
EndProject
Global
	GlobalSection(SolutionConfiguration) = preSolution
		Debug = Debug
		Release = Release
		Release_dbg = Release_dbg
	EndGlobalSection
	GlobalSection(ProjectConfiguration) = postSolution
		{020CDDD2-4A25-437C-B930-F67C46741D99}.Debug.ActiveCfg = Debug|Win32
		{020CDDD2-4A25-437C-B930-F67C46741D99}.Debug.Build.0 = Debug|Win32
		{020CDDD2-4A25-437C-B930-F67C46741D99}.Release.ActiveCfg = Release|Win32
		{020CDDD2-4A25-437C-B930-F67C46741D99}.Release.Build.0 = Release|Win32
		{020CDDD2-4A25-437C-B930-F67C46741D99}.Release_dbg.ActiveCfg = Release|Win32
		{020CDDD2-4A25-437C-B930-F67C46741D99}.Release_dbg.Build.0 = Release|Win32
		{96BBD710-F10A-40F7-A8AB-D0102B985CEB}.Debug.ActiveCfg = Debug|Win32
		{96BBD710-F10A-40F7-A8AB-D0102B985CEB}.Debug.Build.0 = Debug|Win32
		{96BBD710-F10A-40F7-A8AB-D0102B985CEB}.Release.ActiveCfg = Release|Win32
		{96BBD710-F10A-40F7-A8AB-D0102B985CEB}.Release.Build.0 = Release|Win32
		{96BBD710-F10A-40F7-A8AB-D0102B985CEB}.Release_dbg.ActiveCfg = Release|Win32
		{96BBD710-F10A-40F7-A8AB-D0102B985CEB}.Release_dbg.Build.0 = Release|Win32
		{4066490D-7B23-46EF-A692-7D1D4BE47457}.Debug.ActiveCfg = Debug|Win32
		{4066490D-7B23-46EF-A692-7D1D4BE47457}.Debug.Build.0 = Debug|Win32
		{4066490D-7B23-46EF-A692-7D1D4BE47457}.Release.ActiveCfg = Release|Win32
		{4066490D-7B23-46EF-A692-7D1D4BE47457}.Release.Build.0 = Release|Win32
		{4066490D-7B23-46EF-A692-7D1D4BE47457}.Release_dbg.ActiveCfg = Release|Win32
		{4066490D-7B23-46EF-A692-7D1D4BE47457}.Release_dbg.Build.0 = Release|Win32
		{26C98B97-B739-4EC9-8216-0A7DCA5CBF0C}.Debug.ActiveCfg = Debug|Win32
		{26C98B97-B739-4EC9-8216-0A7DCA5CBF0C}.Debug.Build.0 = Debug|Win32
		{26C98B97-B739-4EC9-8216-0A7DCA5CBF0C}.Release.ActiveCfg = Release|Win32
		{26C98B97-B739-4EC9-8216-0A7DCA5CBF0C}.Release.Build.0 = Release|Win32
		{26C98B97-B739-4EC9-8216-0A7DCA5CBF0C}.Release_dbg.ActiveCfg = Release|Win32
		{26C98B97-B739-4EC9-8216-0A7DCA5CBF0C}.Release_dbg.Build.0 = Release|Win32
		{E92591A3-FB51-4700-9C46-CEB318E757E8}.Debug.ActiveCfg = Debug|Win32
		{E92591A3-FB51-4700-9C46-CEB318E757E8}.Debug.Build.0 = Debug|Win32
		{E92591A3-FB51-4700-9C46-CEB318E757E8}.Release.ActiveCfg = Release|Win32
		{E92591A3-FB51-4700-9C46-CEB318E757E8}.Release.Build.0 = Release|Win32
		{E92591A3-FB51-4700-9C46-CEB318E757E8}.Release_dbg.ActiveCfg = Release|Win32
		{E92591A3-FB51-4700-9C46-CEB318E757E8}.Release_dbg.Build.0 = Release|Win32
		{76E6FBB7-666B-4708-8E37-9739D885BED8}.Debug.ActiveCfg = Debug|Win32
		{76E6FBB7-666B-4708-8E37-9739D885BED8}.Debug.Build.0 = Debug|Win32
		{76E6FBB7-666B-4708-8E37-9739D885BED8}.Release.ActiveCfg = Release|Win32
		{76E6FBB7-666B-4708-8E37-9739D885BED8}.Release.Build.0 = Release|Win32
		{76E6FBB7-666B-4708-8E37-9739D885BED8}.Release_dbg.ActiveCfg = Release|Win32
		{76E6FBB7-666B-4708-8E37-9739D885BED8}.Release_dbg.Build.0 = Release|Win32
		{86C27726-CC02-436C-AB44-A9D8EF102E68}.Debug.ActiveCfg = Debug|Win32
		{86C27726-CC02-436C-AB44-A9D8EF102E68}.Debug.Build.0 = Debug|Win32
		{86C27726-CC02-436C-AB44-A9D8EF102E68}.Release.ActiveCfg = Release|Win32
		{86C27726-CC02-436C-AB44-A9D8EF102E68}.Release.Build.0 = Release|Win32
		{86C27726-CC02-436C-AB44-A9D8EF102E68}.Release_dbg.ActiveCfg = Release|Win32
		{86C27726-CC02-436C-AB44-A9D8EF102E68}.Release_dbg.Build.0 = Release|Win32
		{93444B96-B059-4BE6-A2C7-45795A7D806C}.Debug.ActiveCfg = Debug|Win32
		{93444B96-B059-4BE6-A2C7-45795A7D806C}.Debug.Build.0 = Debug|Win32
		{93444B96-B059-4BE6-A2C7-45795A7D806C}.Release.ActiveCfg = Release|Win32
		{93444B96-B059-4BE6-A2C7-45795A7D806C}.Release.Build.0 = Release|Win32
		{93444B96-B059-4BE6-A2C7-45795A7D806C}.Release_dbg.ActiveCfg = Release|Win32
		{93444B96-B059-4BE6-A2C7-45795A7D806C}.Release_dbg.Build.0 = Release|Win32
		{5D066A86-FE2C-40AE-B389-5C427E9C4A10}.Debug.ActiveCfg = Debug|Win32
		{5D066A86-FE2C-40AE-B389-5C427E9C4A10}.Debug.Build.0 = Debug|Win32
		{5D066A86-FE2C-40AE-B389-5C427E9C4A10}.Release.ActiveCfg = Release|Win32
		{5D066A86-FE2C-40AE-B389-5C427E9C4A10}.Release.Build.0 = Release|Win32
		{5D066A86-FE2C-40AE-B389-5C427E9C4A10}.Release_dbg.ActiveCfg = Release|Win32
		{5D066A86-FE2C-40AE-B389-5C427E9C4A10}.Release_dbg.Build.0 = Release|Win32
		{E988AC51-0E6F-4EF4-938F-5F9BEAB06A2F}.Debug.ActiveCfg = Debug|Win32
		{E988AC51-0E6F-4EF4-938F-5F9BEAB06A2F}.Debug.Build.0 = Debug|Win32
		{E988AC51-0E6F-4EF4-938F-5F9BEAB06A2F}.Release.ActiveCfg = Release|Win32
		{E988AC51-0E6F-4EF4-938F-5F9BEAB06A2F}.Release.Build.0 = Release|Win32
		{E988AC51-0E6F-4EF4-938F-5F9BEAB06A2F}.Release_dbg.ActiveCfg = Release|Win32
		{E988AC51-0E6F-4EF4-938F-5F9BEAB06A2F}.Release_dbg.Build.0 = Release|Win32
		{0C53308F-EE47-4118-A92C-61B5CEAF1E6E}.Debug.ActiveCfg = Debug|Win32
		{0C53308F-EE47-4118-A92C-61B5CEAF1E6E}.Debug.Build.0 = Debug|Win32
		{0C53308F-EE47-4118-A92C-61B5CEAF1E6E}.Release.ActiveCfg = Release|Win32
		{0C53308F-EE47-4118-A92C-61B5CEAF1E6E}.Release.Build.0 = Release|Win32
		{0C53308F-EE47-4118-A92C-61B5CEAF1E6E}.Release_dbg.ActiveCfg = Release|Win32
		{0C53308F-EE47-4118-A92C-61B5CEAF1E6E}.Release_dbg.Build.0 = Release|Win32
		{85240C80-269A-4E28-BBF5-192E0EC14CF1}.Debug.ActiveCfg = Debug|Win32
		{85240C80-269A-4E28-BBF5-192E0EC14CF1}.Debug.Build.0 = Debug|Win32
		{85240C80-269A-4E28-BBF5-192E0EC14CF1}.Release.ActiveCfg = Release|Win32
		{85240C80-269A-4E28-BBF5-192E0EC14CF1}.Release.Build.0 = Release|Win32
		{85240C80-269A-4E28-BBF5-192E0EC14CF1}.Release_dbg.ActiveCfg = Release|Win32
		{85240C80-269A-4E28-BBF5-192E0EC14CF1}.Release_dbg.Build.0 = Release|Win32
		{8EFBFCAA-2A89-4A42-88BF-7E0DBBB6AF7F}.Debug.ActiveCfg = Debug|Win32
		{8EFBFCAA-2A89-4A42-88BF-7E0DBBB6AF7F}.Debug.Build.0 = Debug|Win32
		{8EFBFCAA-2A89-4A42-88BF-7E0DBBB6AF7F}.Release.ActiveCfg = Release|Win32
		{8EFBFCAA-2A89-4A42-88BF-7E0DBBB6AF7F}.Release.Build.0 = Release|Win32
		{8EFBFCAA-2A89-4A42-88BF-7E0DBBB6AF7F}.Release_dbg.ActiveCfg = Release|Win32
		{8EFBFCAA-2A89-4A42-88BF-7E0DBBB6AF7F}.Release_dbg.Build.0 = Release|Win32
		{A358F307-B5F5-42B4-A173-C289EC9EFF42}.Debug.ActiveCfg = Debug|Win32
		{A358F307-B5F5-42B4-A173-C289EC9EFF42}.Debug.Build.0 = Debug|Win32
		{A358F307-B5F5-42B4-A173-C289EC9EFF42}.Release.ActiveCfg = Release|Win32
		{A358F307-B5F5-42B4-A173-C289EC9EFF42}.Release.Build.0 = Release|Win32
		{A358F307-B5F5-42B4-A173-C289EC9EFF42}.Release_dbg.ActiveCfg = Release|Win32
		{A358F307-B5F5-42B4-A173-C289EC9EFF42}.Release_dbg.Build.0 = Release|Win32
		{F9ADD08F-8B58-4AFA-8633-78CC6DCA750C}.Debug.ActiveCfg = Debug|Win32
		{F9ADD08F-8B58-4AFA-8633-78CC6DCA750C}.Debug.Build.0 = Debug|Win32
		{F9ADD08F-8B58-4AFA-8633-78CC6DCA750C}.Release.ActiveCfg = Release|Win32
		{F9ADD08F-8B58-4AFA-8633-78CC6DCA750C}.Release.Build.0 = Release|Win32
		{F9ADD08F-8B58-4AFA-8633-78CC6DCA750C}.Release_dbg.ActiveCfg = Release|Win32
		{F9ADD08F-8B58-4AFA-8633-78CC6DCA750C}.Release_dbg.Build.0 = Release|Win32
		{28B08FF6-8851-4112-B87B-8E82543033A6}.Debug.ActiveCfg = Debug|Win32
		{28B08FF6-8851-4112-B87B-8E82543033A6}.Debug.Build.0 = Debug|Win32
		{28B08FF6-8851-4112-B87B-8E82543033A6}.Release.ActiveCfg = Release|Win32
		{28B08FF6-8851-4112-B87B-8E82543033A6}.Release.Build.0 = Release|Win32
		{28B08FF6-8851-4112-B87B-8E82543033A6}.Release_dbg.ActiveCfg = Release|Win32
		{28B08FF6-8851-4112-B87B-8E82543033A6}.Release_dbg.Build.0 = Release|Win32
		{3FEAED66-F5DD-46C6-BC36-7A68305CB61B}.Debug.ActiveCfg = Debug|Win32
		{3FEAED66-F5DD-46C6-BC36-7A68305CB61B}.Debug.Build.0 = Debug|Win32
		{3FEAED66-F5DD-46C6-BC36-7A68305CB61B}.Release.ActiveCfg = Release|Win32
		{3FEAED66-F5DD-46C6-BC36-7A68305CB61B}.Release.Build.0 = Release|Win32
		{3FEAED66-F5DD-46C6-BC36-7A68305CB61B}.Release_dbg.ActiveCfg = Release|Win32
		{3FEAED66-F5DD-46C6-BC36-7A68305CB61B}.Release_dbg.Build.0 = Release|Win32
		{E1EB35FD-7651-40E6-8D2F-F34447407834}.Debug.ActiveCfg = Debug|Win32
		{E1EB35FD-7651-40E6-8D2F-F34447407834}.Debug.Build.0 = Debug|Win32
		{E1EB35FD-7651-40E6-8D2F-F34447407834}.Release.ActiveCfg = Release|Win32
		{E1EB35FD-7651-40E6-8D2F-F34447407834}.Release.Build.0 = Release|Win32
		{E1EB35FD-7651-40E6-8D2F-F34447407834}.Release_dbg.ActiveCfg = Release|Win32
		{E1EB35FD-7651-40E6-8D2F-F34447407834}.Release_dbg.Build.0 = Release|Win32
		{4E71F010-3043-4A77-A79E-5F37DF50FE0F}.Debug.ActiveCfg = Debug|Win32
		{4E71F010-3043-4A77-A79E-5F37DF50FE0F}.Debug.Build.0 = Debug|Win32
		{4E71F010-3043-4A77-A79E-5F37DF50FE0F}.Release.ActiveCfg = Release|Win32
		{4E71F010-3043-4A77-A79E-5F37DF50FE0F}.Release.Build.0 = Release|Win32
		{4E71F010-3043-4A77-A79E-5F37DF50FE0F}.Release_dbg.ActiveCfg = Release|Win32
		{4E71F010-3043-4A77-A79E-5F37DF50FE0F}.Release_dbg.Build.0 = Release|Win32
		{E02B3CB3-0C17-48C7-9B1B-B357565A8E7D}.Debug.ActiveCfg = Debug|Win32
		{E02B3CB3-0C17-48C7-9B1B-B357565A8E7D}.Debug.Build.0 = Debug|Win32
		{E02B3CB3-0C17-48C7-9B1B-B357565A8E7D}.Release.ActiveCfg = Release|Win32
		{E02B3CB3-0C17-48C7-9B1B-B357565A8E7D}.Release.Build.0 = Release|Win32
		{E02B3CB3-0C17-48C7-9B1B-B357565A8E7D}.Release_dbg.ActiveCfg = Release|Win32
		{E02B3CB3-0C17-48C7-9B1B-B357565A8E7D}.Release_dbg.Build.0 = Release|Win32
		{F2B15F76-34E5-4E10-AAC4-C6B52AD3C82F}.Debug.ActiveCfg = Debug|Win32
		{F2B15F76-34E5-4E10-AAC4-C6B52AD3C82F}.Debug.Build.0 = Debug|Win32
		{F2B15F76-34E5-4E10-AAC4-C6B52AD3C82F}.Release.ActiveCfg = Release|Win32
		{F2B15F76-34E5-4E10-AAC4-C6B52AD3C82F}.Release.Build.0 = Release|Win32
		{F2B15F76-34E5-4E10-AAC4-C6B52AD3C82F}.Release_dbg.ActiveCfg = Release|Win32
		{F2B15F76-34E5-4E10-AAC4-C6B52AD3C82F}.Release_dbg.Build.0 = Release|Win32
		{7468F8C5-FA7F-4B24-84FB-07A3DE2776A2}.Debug.ActiveCfg = Debug|Win32
		{7468F8C5-FA7F-4B24-84FB-07A3DE2776A2}.Debug.Build.0 = Debug|Win32
		{7468F8C5-FA7F-4B24-84FB-07A3DE2776A2}.Release.ActiveCfg = Release|Win32
		{7468F8C5-FA7F-4B24-84FB-07A3DE2776A2}.Release.Build.0 = Release|Win32
		{7468F8C5-FA7F-4B24-84FB-07A3DE2776A2}.Release_dbg.ActiveCfg = Release|Win32
		{7468F8C5-FA7F-4B24-84FB-07A3DE2776A2}.Release_dbg.Build.0 = Release|Win32
		{6312EB65-FAAB-4197-B403-8966ABCF57EB}.Debug.ActiveCfg = Debug|Win32
		{6312EB65-FAAB-4197-B403-8966ABCF57EB}.Debug.Build.0 = Debug|Win32
		{6312EB65-FAAB-4197-B403-8966ABCF57EB}.Release.ActiveCfg = Release|Win32
		{6312EB65-FAAB-4197-B403-8966ABCF57EB}.Release.Build.0 = Release|Win32
		{6312EB65-FAAB-4197-B403-8966ABCF57EB}.Release_dbg.ActiveCfg = Release|Win32
		{6312EB65-FAAB-4197-B403-8966ABCF57EB}.Release_dbg.Build.0 = Release|Win32
		{197D6B6C-80A4-458B-B2B4-7B9D402A9C77}.Debug.ActiveCfg = Debug|Win32
		{197D6B6C-80A4-458B-B2B4-7B9D402A9C77}.Debug.Build.0 = Debug|Win32
		{197D6B6C-80A4-458B-B2B4-7B9D402A9C77}.Release.ActiveCfg = Release|Win32
		{197D6B6C-80A4-458B-B2B4-7B9D402A9C77}.Release.Build.0 = Release|Win32
		{197D6B6C-80A4-458B-B2B4-7B9D402A9C77}.Release_dbg.ActiveCfg = Release|Win32
		{197D6B6C-80A4-458B-B2B4-7B9D402A9C77}.Release_dbg.Build.0 = Release|Win32
		{944D7839-2DF4-4762-ACB3-329861E59502}.Debug.ActiveCfg = Debug|Win32
		{944D7839-2DF4-4762-ACB3-329861E59502}.Debug.Build.0 = Debug|Win32
		{944D7839-2DF4-4762-ACB3-329861E59502}.Release.ActiveCfg = Release|Win32
		{944D7839-2DF4-4762-ACB3-329861E59502}.Release.Build.0 = Release|Win32
		{944D7839-2DF4-4762-ACB3-329861E59502}.Release_dbg.ActiveCfg = Release|Win32
		{944D7839-2DF4-4762-ACB3-329861E59502}.Release_dbg.Build.0 = Release|Win32
		{14E101CE-E76A-4D0E-B44A-FA4C73EC4CA3}.Debug.ActiveCfg = Debug|Win32
		{14E101CE-E76A-4D0E-B44A-FA4C73EC4CA3}.Debug.Build.0 = Debug|Win32
		{14E101CE-E76A-4D0E-B44A-FA4C73EC4CA3}.Release.ActiveCfg = Release|Win32
		{14E101CE-E76A-4D0E-B44A-FA4C73EC4CA3}.Release.Build.0 = Release|Win32
		{14E101CE-E76A-4D0E-B44A-FA4C73EC4CA3}.Release_dbg.ActiveCfg = Release|Win32
		{14E101CE-E76A-4D0E-B44A-FA4C73EC4CA3}.Release_dbg.Build.0 = Release|Win32
		{F475BC25-DD20-4659-92C5-BE2412D5A99E}.Debug.ActiveCfg = Debug|Win32
		{F475BC25-DD20-4659-92C5-BE2412D5A99E}.Debug.Build.0 = Debug|Win32
		{F475BC25-DD20-4659-92C5-BE2412D5A99E}.Release.ActiveCfg = Release|Win32
		{F475BC25-DD20-4659-92C5-BE2412D5A99E}.Release.Build.0 = Release|Win32
		{F475BC25-DD20-4659-92C5-BE2412D5A99E}.Release_dbg.ActiveCfg = Release|Win32
		{F475BC25-DD20-4659-92C5-BE2412D5A99E}.Release_dbg.Build.0 = Release|Win32
		{FCC9E3C7-38A1-4633-A5FF-77FEFFC53E42}.Debug.ActiveCfg = Debug|Win32
		{FCC9E3C7-38A1-4633-A5FF-77FEFFC53E42}.Debug.Build.0 = Debug|Win32
		{FCC9E3C7-38A1-4633-A5FF-77FEFFC53E42}.Release.ActiveCfg = Release|Win32
		{FCC9E3C7-38A1-4633-A5FF-77FEFFC53E42}.Release.Build.0 = Release|Win32
		{FCC9E3C7-38A1-4633-A5FF-77FEFFC53E42}.Release_dbg.ActiveCfg = Release|Win32
		{FCC9E3C7-38A1-4633-A5FF-77FEFFC53E42}.Release_dbg.Build.0 = Release|Win32
		{7E2CC73E-5A80-4FE1-B497-64E27205C677}.Debug.ActiveCfg = Debug|Win32
		{7E2CC73E-5A80-4FE1-B497-64E27205C677}.Debug.Build.0 = Debug|Win32
		{7E2CC73E-5A80-4FE1-B497-64E27205C677}.Release.ActiveCfg = Release|Win32
		{7E2CC73E-5A80-4FE1-B497-64E27205C677}.Release.Build.0 = Release|Win32
		{7E2CC73E-5A80-4FE1-B497-64E27205C677}.Release_dbg.ActiveCfg = Release|Win32
		{7E2CC73E-5A80-4FE1-B497-64E27205C677}.Release_dbg.Build.0 = Release|Win32
		{0E50D283-C027-4A50-8FEC-B9481527AAFF}.Debug.ActiveCfg = Debug|Win32
		{0E50D283-C027-4A50-8FEC-B9481527AAFF}.Debug.Build.0 = Debug|Win32
		{0E50D283-C027-4A50-8FEC-B9481527AAFF}.Release.ActiveCfg = Release|Win32
		{0E50D283-C027-4A50-8FEC-B9481527AAFF}.Release.Build.0 = Release|Win32
		{0E50D283-C027-4A50-8FEC-B9481527AAFF}.Release_dbg.ActiveCfg = Release|Win32
		{0E50D283-C027-4A50-8FEC-B9481527AAFF}.Release_dbg.Build.0 = Release|Win32
	EndGlobalSection
	GlobalSection(ExtensibilityGlobals) = postSolution
	EndGlobalSection
	GlobalSection(ExtensibilityAddIns) = postSolution
	EndGlobalSection
	GlobalSection(DPCodeReviewSolutionGUID) = preSolution
		DPCodeReviewSolutionGUID = {00000000-0000-0000-0000-000000000000}
	EndGlobalSection
EndGlobal
