Microsoft Visual Studio Solution File, Format Version 8.00
Project("{8BC9CEB8-8B4A-11D0-8D11-00A0C91BC942}") = "P2PServer", "..\..\TTY\P2PServer\P2PServer.vcproj", "{151898C4-C9C7-4A53-871C-39C9F51CCB8A}"
	ProjectSection(ProjectDependencies) = postProject
		{96BBD710-F10A-40F7-A8AB-D0102B985CEB} = {96BBD710-F10A-40F7-A8AB-D0102B985CEB}
		{944D7839-2DF4-4762-ACB3-329861E59502} = {944D7839-2DF4-4762-ACB3-329861E59502}
		{3FEAED66-F5DD-46C6-BC36-7A68305CB61B} = {3FEAED66-F5DD-46C6-BC36-7A68305CB61B}
		{020CDDD2-4A25-437C-B930-F67C46741D99} = {020CDDD2-4A25-437C-B930-F67C46741D99}
	EndProjectSection
EndProject
Project("{8BC9CEB8-8B4A-11D0-8D11-00A0C91BC942}") = "updatedll", "..\..\ENGINE\updatedll\updatedll.vcproj", "{873FBD0C-D2AB-4C58-B64C-0BC7A8EFC945}"
	ProjectSection(ProjectDependencies) = postProject
		{A358F307-B5F5-42B4-A173-C289EC9EFF42} = {A358F307-B5F5-42B4-A173-C289EC9EFF42}
		{96BBD710-F10A-40F7-A8AB-D0102B985CEB} = {96BBD710-F10A-40F7-A8AB-D0102B985CEB}
		{944D7839-2DF4-4762-ACB3-329861E59502} = {944D7839-2DF4-4762-ACB3-329861E59502}
		{3FEAED66-F5DD-46C6-BC36-7A68305CB61B} = {3FEAED66-F5DD-46C6-BC36-7A68305CB61B}
		{F9ADD08F-8B58-4AFA-8633-78CC6DCA750C} = {F9ADD08F-8B58-4AFA-8633-78CC6DCA750C}
		{020CDDD2-4A25-437C-B930-F67C46741D99} = {020CDDD2-4A25-437C-B930-F67C46741D99}
	EndProjectSection
EndProject
Project("{8BC9CEB8-8B4A-11D0-8D11-00A0C91BC942}") = "WHCMN_MT", "..\..\ENGINE\WHCMN\WHCMN_MT.vcproj", "{96BBD710-F10A-40F7-A8AB-D0102B985CEB}"
	ProjectSection(ProjectDependencies) = postProject
	EndProjectSection
EndProject
Project("{8BC9CEB8-8B4A-11D0-8D11-00A0C91BC942}") = "WHNET_MT", "..\..\ENGINE\WHNET\WHNET_MT.vcproj", "{020CDDD2-4A25-437C-B930-F67C46741D99}"
	ProjectSection(ProjectDependencies) = postProject
	EndProjectSection
EndProject
Project("{8BC9CEB8-8B4A-11D0-8D11-00A0C91BC942}") = "TinyXML_MT", "..\..\..\3RD\TinyXML\TinyXML_MT.vcproj", "{F9ADD08F-8B58-4AFA-8633-78CC6DCA750C}"
	ProjectSection(ProjectDependencies) = postProject
	EndProjectSection
EndProject
Project("{8BC9CEB8-8B4A-11D0-8D11-00A0C91BC942}") = "cryptlib_MT", "..\..\..\3RD\cryptlib\cryptlib_MT.vcproj", "{A358F307-B5F5-42B4-A173-C289EC9EFF42}"
	ProjectSection(ProjectDependencies) = postProject
	EndProjectSection
EndProject
Project("{8BC9CEB8-8B4A-11D0-8D11-00A0C91BC942}") = "ServerUpdate", "..\..\TTY\ServerUpdate\ServerUpdate.vcproj", "{9FFAB92E-2C35-4257-AC36-DCBC08A9B92C}"
	ProjectSection(ProjectDependencies) = postProject
		{A358F307-B5F5-42B4-A173-C289EC9EFF42} = {A358F307-B5F5-42B4-A173-C289EC9EFF42}
		{96BBD710-F10A-40F7-A8AB-D0102B985CEB} = {96BBD710-F10A-40F7-A8AB-D0102B985CEB}
		{020CDDD2-4A25-437C-B930-F67C46741D99} = {020CDDD2-4A25-437C-B930-F67C46741D99}
	EndProjectSection
EndProject
Project("{8BC9CEB8-8B4A-11D0-8D11-00A0C91BC942}") = "FileListTools", "..\..\TTY\FileListTools\FileListTools.vcproj", "{D7E2B725-6608-47E0-9BB4-E53F40E1B8E1}"
	ProjectSection(ProjectDependencies) = postProject
		{A358F307-B5F5-42B4-A173-C289EC9EFF42} = {A358F307-B5F5-42B4-A173-C289EC9EFF42}
		{96BBD710-F10A-40F7-A8AB-D0102B985CEB} = {96BBD710-F10A-40F7-A8AB-D0102B985CEB}
	EndProjectSection
EndProject
Project("{8BC9CEB8-8B4A-11D0-8D11-00A0C91BC942}") = "patcher", "..\..\TTY\patcher\patcher.vcproj", "{498A6DB1-F344-41E9-8B08-EBD7F67CC21E}"
	ProjectSection(ProjectDependencies) = postProject
		{96BBD710-F10A-40F7-A8AB-D0102B985CEB} = {96BBD710-F10A-40F7-A8AB-D0102B985CEB}
		{FA863A70-8BF4-4950-8B7D-32A70921D0FA} = {FA863A70-8BF4-4950-8B7D-32A70921D0FA}
		{020CDDD2-4A25-437C-B930-F67C46741D99} = {020CDDD2-4A25-437C-B930-F67C46741D99}
	EndProjectSection
EndProject
Project("{8BC9CEB8-8B4A-11D0-8D11-00A0C91BC942}") = "EZSkin7.1", "..\..\..\3RD\EZSkin\source\EZSkin7.1.vcproj", "{FA863A70-8BF4-4950-8B7D-32A70921D0FA}"
	ProjectSection(ProjectDependencies) = postProject
	EndProjectSection
EndProject
Project("{8BC9CEB8-8B4A-11D0-8D11-00A0C91BC942}") = "P2PTest", "..\..\Tst\wjzhong\P2PTest\P2PTest.vcproj", "{675CE986-88D5-4F4D-8AFB-08872848BB23}"
	ProjectSection(ProjectDependencies) = postProject
		{A358F307-B5F5-42B4-A173-C289EC9EFF42} = {A358F307-B5F5-42B4-A173-C289EC9EFF42}
		{96BBD710-F10A-40F7-A8AB-D0102B985CEB} = {96BBD710-F10A-40F7-A8AB-D0102B985CEB}
		{3FEAED66-F5DD-46C6-BC36-7A68305CB61B} = {3FEAED66-F5DD-46C6-BC36-7A68305CB61B}
		{020CDDD2-4A25-437C-B930-F67C46741D99} = {020CDDD2-4A25-437C-B930-F67C46741D99}
	EndProjectSection
EndProject
Project("{8BC9CEB8-8B4A-11D0-8D11-00A0C91BC942}") = "P2PTestC", "..\..\Tst\wjzhong\P2PTestC\P2PTestC.vcproj", "{629AEDC2-559A-455F-905A-C3D6F6950237}"
	ProjectSection(ProjectDependencies) = postProject
		{A358F307-B5F5-42B4-A173-C289EC9EFF42} = {A358F307-B5F5-42B4-A173-C289EC9EFF42}
		{96BBD710-F10A-40F7-A8AB-D0102B985CEB} = {96BBD710-F10A-40F7-A8AB-D0102B985CEB}
		{3FEAED66-F5DD-46C6-BC36-7A68305CB61B} = {3FEAED66-F5DD-46C6-BC36-7A68305CB61B}
		{020CDDD2-4A25-437C-B930-F67C46741D99} = {020CDDD2-4A25-437C-B930-F67C46741D99}
	EndProjectSection
EndProject
Project("{8BC9CEB8-8B4A-11D0-8D11-00A0C91BC942}") = "MCE_MT", "..\..\ENGINE\MCE\MCE_MT.vcproj", "{3FEAED66-F5DD-46C6-BC36-7A68305CB61B}"
	ProjectSection(ProjectDependencies) = postProject
		{96BBD710-F10A-40F7-A8AB-D0102B985CEB} = {96BBD710-F10A-40F7-A8AB-D0102B985CEB}
		{944D7839-2DF4-4762-ACB3-329861E59502} = {944D7839-2DF4-4762-ACB3-329861E59502}
		{020CDDD2-4A25-437C-B930-F67C46741D99} = {020CDDD2-4A25-437C-B930-F67C46741D99}
	EndProjectSection
EndProject
Project("{8BC9CEB8-8B4A-11D0-8D11-00A0C91BC942}") = "DIA_MT", "..\..\ENGINE\DIA\DIA_MT.vcproj", "{944D7839-2DF4-4762-ACB3-329861E59502}"
	ProjectSection(ProjectDependencies) = postProject
	EndProjectSection
EndProject
Global
	GlobalSection(SolutionConfiguration) = preSolution
		Debug = Debug
		Release = Release
	EndGlobalSection
	GlobalSection(ProjectConfiguration) = postSolution
		{151898C4-C9C7-4A53-871C-39C9F51CCB8A}.Debug.ActiveCfg = Debug|Win32
		{151898C4-C9C7-4A53-871C-39C9F51CCB8A}.Debug.Build.0 = Debug|Win32
		{151898C4-C9C7-4A53-871C-39C9F51CCB8A}.Release.ActiveCfg = Release|Win32
		{151898C4-C9C7-4A53-871C-39C9F51CCB8A}.Release.Build.0 = Release|Win32
		{873FBD0C-D2AB-4C58-B64C-0BC7A8EFC945}.Debug.ActiveCfg = Debug|Win32
		{873FBD0C-D2AB-4C58-B64C-0BC7A8EFC945}.Debug.Build.0 = Debug|Win32
		{873FBD0C-D2AB-4C58-B64C-0BC7A8EFC945}.Release.ActiveCfg = Release|Win32
		{873FBD0C-D2AB-4C58-B64C-0BC7A8EFC945}.Release.Build.0 = Release|Win32
		{96BBD710-F10A-40F7-A8AB-D0102B985CEB}.Debug.ActiveCfg = Debug|Win32
		{96BBD710-F10A-40F7-A8AB-D0102B985CEB}.Debug.Build.0 = Debug|Win32
		{96BBD710-F10A-40F7-A8AB-D0102B985CEB}.Release.ActiveCfg = Release|Win32
		{96BBD710-F10A-40F7-A8AB-D0102B985CEB}.Release.Build.0 = Release|Win32
		{020CDDD2-4A25-437C-B930-F67C46741D99}.Debug.ActiveCfg = Debug|Win32
		{020CDDD2-4A25-437C-B930-F67C46741D99}.Debug.Build.0 = Debug|Win32
		{020CDDD2-4A25-437C-B930-F67C46741D99}.Release.ActiveCfg = Release|Win32
		{020CDDD2-4A25-437C-B930-F67C46741D99}.Release.Build.0 = Release|Win32
		{F9ADD08F-8B58-4AFA-8633-78CC6DCA750C}.Debug.ActiveCfg = Debug|Win32
		{F9ADD08F-8B58-4AFA-8633-78CC6DCA750C}.Debug.Build.0 = Debug|Win32
		{F9ADD08F-8B58-4AFA-8633-78CC6DCA750C}.Release.ActiveCfg = Release|Win32
		{F9ADD08F-8B58-4AFA-8633-78CC6DCA750C}.Release.Build.0 = Release|Win32
		{A358F307-B5F5-42B4-A173-C289EC9EFF42}.Debug.ActiveCfg = Debug|Win32
		{A358F307-B5F5-42B4-A173-C289EC9EFF42}.Debug.Build.0 = Debug|Win32
		{A358F307-B5F5-42B4-A173-C289EC9EFF42}.Release.ActiveCfg = Release|Win32
		{A358F307-B5F5-42B4-A173-C289EC9EFF42}.Release.Build.0 = Release|Win32
		{9FFAB92E-2C35-4257-AC36-DCBC08A9B92C}.Debug.ActiveCfg = Debug|Win32
		{9FFAB92E-2C35-4257-AC36-DCBC08A9B92C}.Debug.Build.0 = Debug|Win32
		{9FFAB92E-2C35-4257-AC36-DCBC08A9B92C}.Release.ActiveCfg = Release|Win32
		{9FFAB92E-2C35-4257-AC36-DCBC08A9B92C}.Release.Build.0 = Release|Win32
		{D7E2B725-6608-47E0-9BB4-E53F40E1B8E1}.Debug.ActiveCfg = Debug|Win32
		{D7E2B725-6608-47E0-9BB4-E53F40E1B8E1}.Debug.Build.0 = Debug|Win32
		{D7E2B725-6608-47E0-9BB4-E53F40E1B8E1}.Release.ActiveCfg = Release|Win32
		{D7E2B725-6608-47E0-9BB4-E53F40E1B8E1}.Release.Build.0 = Release|Win32
		{498A6DB1-F344-41E9-8B08-EBD7F67CC21E}.Debug.ActiveCfg = Debug|Win32
		{498A6DB1-F344-41E9-8B08-EBD7F67CC21E}.Debug.Build.0 = Debug|Win32
		{498A6DB1-F344-41E9-8B08-EBD7F67CC21E}.Release.ActiveCfg = Release|Win32
		{498A6DB1-F344-41E9-8B08-EBD7F67CC21E}.Release.Build.0 = Release|Win32
		{FA863A70-8BF4-4950-8B7D-32A70921D0FA}.Debug.ActiveCfg = Debug|Win32
		{FA863A70-8BF4-4950-8B7D-32A70921D0FA}.Debug.Build.0 = Debug|Win32
		{FA863A70-8BF4-4950-8B7D-32A70921D0FA}.Release.ActiveCfg = Release|Win32
		{FA863A70-8BF4-4950-8B7D-32A70921D0FA}.Release.Build.0 = Release|Win32
		{675CE986-88D5-4F4D-8AFB-08872848BB23}.Debug.ActiveCfg = Debug|Win32
		{675CE986-88D5-4F4D-8AFB-08872848BB23}.Debug.Build.0 = Debug|Win32
		{675CE986-88D5-4F4D-8AFB-08872848BB23}.Release.ActiveCfg = Release|Win32
		{675CE986-88D5-4F4D-8AFB-08872848BB23}.Release.Build.0 = Release|Win32
		{629AEDC2-559A-455F-905A-C3D6F6950237}.Debug.ActiveCfg = Debug|Win32
		{629AEDC2-559A-455F-905A-C3D6F6950237}.Debug.Build.0 = Debug|Win32
		{629AEDC2-559A-455F-905A-C3D6F6950237}.Release.ActiveCfg = Release|Win32
		{629AEDC2-559A-455F-905A-C3D6F6950237}.Release.Build.0 = Release|Win32
		{3FEAED66-F5DD-46C6-BC36-7A68305CB61B}.Debug.ActiveCfg = Debug|Win32
		{3FEAED66-F5DD-46C6-BC36-7A68305CB61B}.Debug.Build.0 = Debug|Win32
		{3FEAED66-F5DD-46C6-BC36-7A68305CB61B}.Release.ActiveCfg = Release|Win32
		{3FEAED66-F5DD-46C6-BC36-7A68305CB61B}.Release.Build.0 = Release|Win32
		{944D7839-2DF4-4762-ACB3-329861E59502}.Debug.ActiveCfg = Debug|Win32
		{944D7839-2DF4-4762-ACB3-329861E59502}.Debug.Build.0 = Debug|Win32
		{944D7839-2DF4-4762-ACB3-329861E59502}.Release.ActiveCfg = Release|Win32
		{944D7839-2DF4-4762-ACB3-329861E59502}.Release.Build.0 = Release|Win32
	EndGlobalSection
	GlobalSection(ExtensibilityGlobals) = postSolution
	EndGlobalSection
	GlobalSection(ExtensibilityAddIns) = postSolution
	EndGlobalSection
	GlobalSection(DPCodeReviewSolutionGUID) = preSolution
		DPCodeReviewSolutionGUID = {00000000-0000-0000-0000-000000000000}
	EndGlobalSection
EndGlobal
