Microsoft Visual Studio Solution File, Format Version 11.00
# Visual Studio 2010
Project("{8BC9CEB8-8B4A-11D0-8D11-00A0C91BC942}") = "glogger", "..\..\PRJ\TTY\glogger\glogger.vcxproj", "{0C53308F-EE47-4118-A92C-61B5CEAF1E6E}"
EndProject
Project("{8BC9CEB8-8B4A-11D0-8D11-00A0C91BC942}") = "Common", "..\..\PRJ\TTY\Common\Common.vcxproj", "{26C98B97-B739-4EC9-8216-0A7DCA5CBF0C}"
EndProject
Project("{8BC9CEB8-8B4A-11D0-8D11-00A0C91BC942}") = "TCPReceiver", "..\..\PRJ\TTY\TCPReceiver\TCPReceiver.vcxproj", "{E8A0A040-960B-495F-9CD4-D689261F03D2}"
EndProject
Project("{8BC9CEB8-8B4A-11D0-8D11-00A0C91BC942}") = "WHCMN", "..\..\PRJ\ENGINE\WHCMN\WHCMN.vcxproj", "{96BBD710-F10A-40F7-A8AB-D0102B985CEB}"
EndProject
Project("{8BC9CEB8-8B4A-11D0-8D11-00A0C91BC942}") = "WHNET", "..\..\PRJ\ENGINE\WHNET\WHNET.vcxproj", "{020CDDD2-4A25-437C-B930-F67C46741D99}"
EndProject
Project("{8BC9CEB8-8B4A-11D0-8D11-00A0C91BC942}") = "PNGS", "..\..\PRJ\ENGINE\PNGS\PNGS.vcxproj", "{4066490D-7B23-46EF-A692-7D1D4BE47457}"
EndProject
Project("{8BC9CEB8-8B4A-11D0-8D11-00A0C91BC942}") = "XCMNSVR", "..\..\PRJ\TTY\XCMNSVR\XCMNSVR.vcxproj", "{5D066A86-FE2C-40AE-B389-5C427E9C4A10}"
EndProject
Project("{8BC9CEB8-8B4A-11D0-8D11-00A0C91BC942}") = "cryptlib", "..\..\3RD\cryptlib\cryptlib.vcxproj", "{A358F307-B5F5-42B4-A173-C289EC9EFF42}"
EndProject
Project("{8BC9CEB8-8B4A-11D0-8D11-00A0C91BC942}") = "TinyXML", "..\..\3RD\TinyXML\TinyXML.vcxproj", "{F9ADD08F-8B58-4AFA-8633-78CC6DCA750C}"
EndProject
Project("{8BC9CEB8-8B4A-11D0-8D11-00A0C91BC942}") = "ScriptSDK", "..\..\PRJ\ENGINE\ScriptSDK\ScriptSDK.vcxproj", "{68D83E42-F302-47F6-B187-259641171203}"
EndProject
Project("{8BC9CEB8-8B4A-11D0-8D11-00A0C91BC942}") = "DIA", "..\..\PRJ\ENGINE\DIA\DIA.vcxproj", "{944D7839-2DF4-4762-ACB3-329861E59502}"
EndProject
Project("{8BC9CEB8-8B4A-11D0-8D11-00A0C91BC942}") = "freetype", "..\..\3RD\freetype221\freetype.vcxproj", "{78B079BD-9FC7-4B9E-B4A6-96DA0F00248B}"
EndProject
Project("{8BC9CEB8-8B4A-11D0-8D11-00A0C91BC942}") = "GSDB4Web_Lib", "..\..\PRJ\TTY\GSDB4Web_Lib\GSDB4Web_Lib.vcxproj", "{D0273DB7-06C1-40E0-A984-A3FA1208DB80}"
EndProject
Project("{8BC9CEB8-8B4A-11D0-8D11-00A0C91BC942}") = "DBS4Web_Lib", "..\..\PRJ\TTY\DBS4Web_Lib\DBS4Web_Lib.vcxproj", "{E34B1512-E9B0-404D-8266-1DE87D2B8783}"
EndProject
Project("{8BC9CEB8-8B4A-11D0-8D11-00A0C91BC942}") = "DBS4Web", "..\..\PRJ\TTY\DBS4Web\DBS4Web.vcxproj", "{97E29231-3847-46BD-A3DB-770D5908248F}"
EndProject
Project("{8BC9CEB8-8B4A-11D0-8D11-00A0C91BC942}") = "GSDB4Web", "..\..\PRJ\TTY\GSDB4Web\GSDB4Web.vcxproj", "{8483B51A-D9D7-408F-8B75-3CF066365D41}"
EndProject
Project("{8BC9CEB8-8B4A-11D0-8D11-00A0C91BC942}") = "CAAFS4Web", "..\..\PRJ\TTY\CAAFS4Web\CAAFS4Web.vcxproj", "{18556E3E-0DF2-494F-B5C7-04D872A28F0F}"
EndProject
Project("{8BC9CEB8-8B4A-11D0-8D11-00A0C91BC942}") = "CAAFS4Web_Lib", "..\..\PRJ\TTY\CAAFS4Web_Lib\CAAFS4Web_Lib.vcxproj", "{0304C040-6749-4F7E-BC63-481B7712C189}"
EndProject
Project("{8BC9CEB8-8B4A-11D0-8D11-00A0C91BC942}") = "CLS4Web", "..\..\PRJ\TTY\CLS4Web\CLS4Web.vcxproj", "{AEAF519F-74E3-4D37-B10C-BFD7E35C3576}"
EndProject
Project("{8BC9CEB8-8B4A-11D0-8D11-00A0C91BC942}") = "CLS4Web_Lib", "..\..\PRJ\TTY\CLS4Web_Lib\CLS4Web_Lib.vcxproj", "{4372E9F0-755E-4B93-83C0-DFC1E3CF2B0C}"
EndProject
Project("{8BC9CEB8-8B4A-11D0-8D11-00A0C91BC942}") = "LPMainStructure4Web", "..\..\PRJ\TTY\LPMainStructure4Web\LPMainStructure4Web.vcxproj", "{BB71065A-B9BD-40C6-AA38-9A7CD65E6268}"
EndProject
Project("{8BC9CEB8-8B4A-11D0-8D11-00A0C91BC942}") = "LPMainStructure4Web_Lib", "..\..\PRJ\TTY\LPMainStructure4Web_Lib\LPMainStructure4Web_Lib.vcxproj", "{23F2AAE6-8DC6-401A-97F5-920E7212A439}"
EndProject
Project("{8BC9CEB8-8B4A-11D0-8D11-00A0C91BC942}") = "GS4Web_Lib", "..\..\PRJ\TTY\GS4Web_Lib\GS4Web_Lib.vcxproj", "{389B0079-DB72-4006-A588-CD08AE95F941}"
EndProject
Project("{8BC9CEB8-8B4A-11D0-8D11-00A0C91BC942}") = "GS4Web", "..\..\PRJ\TTY\GS4Web\GS4Web.vcxproj", "{6BE0DD6A-ACD9-400F-88DB-7C80AE90A9BC}"
EndProject
Project("{8BC9CEB8-8B4A-11D0-8D11-00A0C91BC942}") = "BD4Web_Lib", "..\..\PRJ\TTY\BD4Web_Lib\BD4Web_Lib.vcxproj", "{E86E91FA-3DC4-411D-9A07-65ADBD35D202}"
EndProject
Project("{8BC9CEB8-8B4A-11D0-8D11-00A0C91BC942}") = "XBDClient4Web", "..\..\PRJ\TTY\XBDClient4Web\XBDClient4Web.vcxproj", "{FDADC8B4-5AC7-48F1-B916-6FD71C76C485}"
EndProject
Project("{8BC9CEB8-8B4A-11D0-8D11-00A0C91BC942}") = "BD4Web", "..\..\PRJ\TTY\BD4Web\BD4Web.vcxproj", "{863D57D5-73F8-41F4-B315-B4A801F84728}"
EndProject
Project("{8BC9CEB8-8B4A-11D0-8D11-00A0C91BC942}") = "GDB4Web_Lib", "..\..\PRJ\TTY\GDB4Web_Lib\GDB4Web_Lib.vcxproj", "{9338C840-5F53-4D5C-846A-E3BEE9528D71}"
EndProject
Project("{8BC9CEB8-8B4A-11D0-8D11-00A0C91BC942}") = "GDB4Web", "..\..\PRJ\TTY\GDB4Web\GDB4Web.vcxproj", "{2A0B7C75-4F55-496E-A43B-19EEB99314AD}"
EndProject
Project("{8BC9CEB8-8B4A-11D0-8D11-00A0C91BC942}") = "LPGamePlay4Web_Lib", "..\..\PRJ\TTY\LPGamePlay4Web_Lib\LPGamePlay4Web_Lib.vcxproj", "{CF1B06E7-6200-4EE6-AAE0-7D3D3C9E9353}"
EndProject
Project("{8BC9CEB8-8B4A-11D0-8D11-00A0C91BC942}") = "LPGamePlay4Web", "..\..\PRJ\TTY\LPGamePlay4Web\LPGamePlay4Web.vcxproj", "{EE1F53B5-9166-407D-88A2-8B7259A94837}"
EndProject
Project("{8BC9CEB8-8B4A-11D0-8D11-00A0C91BC942}") = "GameUtilityLib", "..\..\PRJ\GAME\GameUtilityLib\GameUtilityLib.vcxproj", "{E8B592A7-90E8-48D1-87F8-447A12730AB1}"
EndProject
Project("{8BC9CEB8-8B4A-11D0-8D11-00A0C91BC942}") = "XClient4Web", "..\..\PRJ\TTY\XClient4Web\XClient4Web.vcxproj", "{5823C3D3-2332-4429-9AD5-951E4A986FEE}"
EndProject
Project("{8BC9CEB8-8B4A-11D0-8D11-00A0C91BC942}") = "BatchRunner", "..\..\PRJ\TTY\BatchRunner\BatchRunner.vcxproj", "{DB0A920D-69A9-4C53-B390-2632DD1115F9}"
EndProject
Project("{8BC9CEB8-8B4A-11D0-8D11-00A0C91BC942}") = "XExcelDeploy", "..\..\PRJ\TTY\XExcelDeploy\XExcelDeploy.vcxproj", "{4DC69223-ACBF-460A-A608-07D37391A971}"
EndProject
Project("{8BC9CEB8-8B4A-11D0-8D11-00A0C91BC942}") = "XCombatSvr", "..\..\PRJ\TTY\XCombatSvr\XCombatSvr.vcxproj", "{27462705-D773-489B-9654-ED928911E97F}"
EndProject
Global
	GlobalSection(SolutionConfigurationPlatforms) = preSolution
		ClientDebug|Win32 = ClientDebug|Win32
		ClientRelease|Win32 = ClientRelease|Win32
		Debug Multithreaded|Win32 = Debug Multithreaded|Win32
		Debug Singlethreaded|Win32 = Debug Singlethreaded|Win32
		Debug|Win32 = Debug|Win32
		DebugStatic|Win32 = DebugStatic|Win32
		Release Multithreaded|Win32 = Release Multithreaded|Win32
		Release Singlethreaded|Win32 = Release Singlethreaded|Win32
		Release_dbg|Win32 = Release_dbg|Win32
		Release|Win32 = Release|Win32
		ReleaseStatic|Win32 = ReleaseStatic|Win32
		ServerDebug|Win32 = ServerDebug|Win32
		ServerRelease|Win32 = ServerRelease|Win32
	EndGlobalSection
	GlobalSection(ProjectConfigurationPlatforms) = postSolution
		{0C53308F-EE47-4118-A92C-61B5CEAF1E6E}.ClientDebug|Win32.ActiveCfg = Debug|Win32
		{0C53308F-EE47-4118-A92C-61B5CEAF1E6E}.ClientDebug|Win32.Build.0 = Debug|Win32
		{0C53308F-EE47-4118-A92C-61B5CEAF1E6E}.ClientRelease|Win32.ActiveCfg = Release|Win32
		{0C53308F-EE47-4118-A92C-61B5CEAF1E6E}.ClientRelease|Win32.Build.0 = Release|Win32
		{0C53308F-EE47-4118-A92C-61B5CEAF1E6E}.Debug Multithreaded|Win32.ActiveCfg = Debug|Win32
		{0C53308F-EE47-4118-A92C-61B5CEAF1E6E}.Debug Multithreaded|Win32.Build.0 = Debug|Win32
		{0C53308F-EE47-4118-A92C-61B5CEAF1E6E}.Debug Singlethreaded|Win32.ActiveCfg = Debug|Win32
		{0C53308F-EE47-4118-A92C-61B5CEAF1E6E}.Debug Singlethreaded|Win32.Build.0 = Debug|Win32
		{0C53308F-EE47-4118-A92C-61B5CEAF1E6E}.Debug|Win32.ActiveCfg = Debug|Win32
		{0C53308F-EE47-4118-A92C-61B5CEAF1E6E}.Debug|Win32.Build.0 = Debug|Win32
		{0C53308F-EE47-4118-A92C-61B5CEAF1E6E}.DebugStatic|Win32.ActiveCfg = Debug|Win32
		{0C53308F-EE47-4118-A92C-61B5CEAF1E6E}.DebugStatic|Win32.Build.0 = Debug|Win32
		{0C53308F-EE47-4118-A92C-61B5CEAF1E6E}.Release Multithreaded|Win32.ActiveCfg = Release|Win32
		{0C53308F-EE47-4118-A92C-61B5CEAF1E6E}.Release Multithreaded|Win32.Build.0 = Release|Win32
		{0C53308F-EE47-4118-A92C-61B5CEAF1E6E}.Release Singlethreaded|Win32.ActiveCfg = Release|Win32
		{0C53308F-EE47-4118-A92C-61B5CEAF1E6E}.Release Singlethreaded|Win32.Build.0 = Release|Win32
		{0C53308F-EE47-4118-A92C-61B5CEAF1E6E}.Release_dbg|Win32.ActiveCfg = Release|Win32
		{0C53308F-EE47-4118-A92C-61B5CEAF1E6E}.Release_dbg|Win32.Build.0 = Release|Win32
		{0C53308F-EE47-4118-A92C-61B5CEAF1E6E}.Release|Win32.ActiveCfg = Release|Win32
		{0C53308F-EE47-4118-A92C-61B5CEAF1E6E}.Release|Win32.Build.0 = Release|Win32
		{0C53308F-EE47-4118-A92C-61B5CEAF1E6E}.ReleaseStatic|Win32.ActiveCfg = Release|Win32
		{0C53308F-EE47-4118-A92C-61B5CEAF1E6E}.ReleaseStatic|Win32.Build.0 = Release|Win32
		{0C53308F-EE47-4118-A92C-61B5CEAF1E6E}.ServerDebug|Win32.ActiveCfg = Debug|Win32
		{0C53308F-EE47-4118-A92C-61B5CEAF1E6E}.ServerDebug|Win32.Build.0 = Debug|Win32
		{0C53308F-EE47-4118-A92C-61B5CEAF1E6E}.ServerRelease|Win32.ActiveCfg = Release|Win32
		{0C53308F-EE47-4118-A92C-61B5CEAF1E6E}.ServerRelease|Win32.Build.0 = Release|Win32
		{26C98B97-B739-4EC9-8216-0A7DCA5CBF0C}.ClientDebug|Win32.ActiveCfg = Debug|Win32
		{26C98B97-B739-4EC9-8216-0A7DCA5CBF0C}.ClientDebug|Win32.Build.0 = Debug|Win32
		{26C98B97-B739-4EC9-8216-0A7DCA5CBF0C}.ClientRelease|Win32.ActiveCfg = Release|Win32
		{26C98B97-B739-4EC9-8216-0A7DCA5CBF0C}.ClientRelease|Win32.Build.0 = Release|Win32
		{26C98B97-B739-4EC9-8216-0A7DCA5CBF0C}.Debug Multithreaded|Win32.ActiveCfg = Debug|Win32
		{26C98B97-B739-4EC9-8216-0A7DCA5CBF0C}.Debug Multithreaded|Win32.Build.0 = Debug|Win32
		{26C98B97-B739-4EC9-8216-0A7DCA5CBF0C}.Debug Singlethreaded|Win32.ActiveCfg = Debug|Win32
		{26C98B97-B739-4EC9-8216-0A7DCA5CBF0C}.Debug Singlethreaded|Win32.Build.0 = Debug|Win32
		{26C98B97-B739-4EC9-8216-0A7DCA5CBF0C}.Debug|Win32.ActiveCfg = Debug|Win32
		{26C98B97-B739-4EC9-8216-0A7DCA5CBF0C}.Debug|Win32.Build.0 = Debug|Win32
		{26C98B97-B739-4EC9-8216-0A7DCA5CBF0C}.DebugStatic|Win32.ActiveCfg = Debug|Win32
		{26C98B97-B739-4EC9-8216-0A7DCA5CBF0C}.DebugStatic|Win32.Build.0 = Debug|Win32
		{26C98B97-B739-4EC9-8216-0A7DCA5CBF0C}.Release Multithreaded|Win32.ActiveCfg = Release|Win32
		{26C98B97-B739-4EC9-8216-0A7DCA5CBF0C}.Release Multithreaded|Win32.Build.0 = Release|Win32
		{26C98B97-B739-4EC9-8216-0A7DCA5CBF0C}.Release Singlethreaded|Win32.ActiveCfg = Release|Win32
		{26C98B97-B739-4EC9-8216-0A7DCA5CBF0C}.Release Singlethreaded|Win32.Build.0 = Release|Win32
		{26C98B97-B739-4EC9-8216-0A7DCA5CBF0C}.Release_dbg|Win32.ActiveCfg = Release|Win32
		{26C98B97-B739-4EC9-8216-0A7DCA5CBF0C}.Release_dbg|Win32.Build.0 = Release|Win32
		{26C98B97-B739-4EC9-8216-0A7DCA5CBF0C}.Release|Win32.ActiveCfg = Release|Win32
		{26C98B97-B739-4EC9-8216-0A7DCA5CBF0C}.Release|Win32.Build.0 = Release|Win32
		{26C98B97-B739-4EC9-8216-0A7DCA5CBF0C}.ReleaseStatic|Win32.ActiveCfg = Release|Win32
		{26C98B97-B739-4EC9-8216-0A7DCA5CBF0C}.ReleaseStatic|Win32.Build.0 = Release|Win32
		{26C98B97-B739-4EC9-8216-0A7DCA5CBF0C}.ServerDebug|Win32.ActiveCfg = Debug|Win32
		{26C98B97-B739-4EC9-8216-0A7DCA5CBF0C}.ServerDebug|Win32.Build.0 = Debug|Win32
		{26C98B97-B739-4EC9-8216-0A7DCA5CBF0C}.ServerRelease|Win32.ActiveCfg = Release|Win32
		{26C98B97-B739-4EC9-8216-0A7DCA5CBF0C}.ServerRelease|Win32.Build.0 = Release|Win32
		{E8A0A040-960B-495F-9CD4-D689261F03D2}.ClientDebug|Win32.ActiveCfg = Debug|Win32
		{E8A0A040-960B-495F-9CD4-D689261F03D2}.ClientDebug|Win32.Build.0 = Debug|Win32
		{E8A0A040-960B-495F-9CD4-D689261F03D2}.ClientRelease|Win32.ActiveCfg = Release|Win32
		{E8A0A040-960B-495F-9CD4-D689261F03D2}.ClientRelease|Win32.Build.0 = Release|Win32
		{E8A0A040-960B-495F-9CD4-D689261F03D2}.Debug Multithreaded|Win32.ActiveCfg = Debug|Win32
		{E8A0A040-960B-495F-9CD4-D689261F03D2}.Debug Multithreaded|Win32.Build.0 = Debug|Win32
		{E8A0A040-960B-495F-9CD4-D689261F03D2}.Debug Singlethreaded|Win32.ActiveCfg = Debug|Win32
		{E8A0A040-960B-495F-9CD4-D689261F03D2}.Debug Singlethreaded|Win32.Build.0 = Debug|Win32
		{E8A0A040-960B-495F-9CD4-D689261F03D2}.Debug|Win32.ActiveCfg = Debug|Win32
		{E8A0A040-960B-495F-9CD4-D689261F03D2}.Debug|Win32.Build.0 = Debug|Win32
		{E8A0A040-960B-495F-9CD4-D689261F03D2}.DebugStatic|Win32.ActiveCfg = Debug|Win32
		{E8A0A040-960B-495F-9CD4-D689261F03D2}.DebugStatic|Win32.Build.0 = Debug|Win32
		{E8A0A040-960B-495F-9CD4-D689261F03D2}.Release Multithreaded|Win32.ActiveCfg = Release|Win32
		{E8A0A040-960B-495F-9CD4-D689261F03D2}.Release Multithreaded|Win32.Build.0 = Release|Win32
		{E8A0A040-960B-495F-9CD4-D689261F03D2}.Release Singlethreaded|Win32.ActiveCfg = Release|Win32
		{E8A0A040-960B-495F-9CD4-D689261F03D2}.Release Singlethreaded|Win32.Build.0 = Release|Win32
		{E8A0A040-960B-495F-9CD4-D689261F03D2}.Release_dbg|Win32.ActiveCfg = Release|Win32
		{E8A0A040-960B-495F-9CD4-D689261F03D2}.Release_dbg|Win32.Build.0 = Release|Win32
		{E8A0A040-960B-495F-9CD4-D689261F03D2}.Release|Win32.ActiveCfg = Release|Win32
		{E8A0A040-960B-495F-9CD4-D689261F03D2}.Release|Win32.Build.0 = Release|Win32
		{E8A0A040-960B-495F-9CD4-D689261F03D2}.ReleaseStatic|Win32.ActiveCfg = Release|Win32
		{E8A0A040-960B-495F-9CD4-D689261F03D2}.ReleaseStatic|Win32.Build.0 = Release|Win32
		{E8A0A040-960B-495F-9CD4-D689261F03D2}.ServerDebug|Win32.ActiveCfg = Debug|Win32
		{E8A0A040-960B-495F-9CD4-D689261F03D2}.ServerDebug|Win32.Build.0 = Debug|Win32
		{E8A0A040-960B-495F-9CD4-D689261F03D2}.ServerRelease|Win32.ActiveCfg = Release|Win32
		{E8A0A040-960B-495F-9CD4-D689261F03D2}.ServerRelease|Win32.Build.0 = Release|Win32
		{96BBD710-F10A-40F7-A8AB-D0102B985CEB}.ClientDebug|Win32.ActiveCfg = Debug|Win32
		{96BBD710-F10A-40F7-A8AB-D0102B985CEB}.ClientDebug|Win32.Build.0 = Debug|Win32
		{96BBD710-F10A-40F7-A8AB-D0102B985CEB}.ClientRelease|Win32.ActiveCfg = Release|Win32
		{96BBD710-F10A-40F7-A8AB-D0102B985CEB}.ClientRelease|Win32.Build.0 = Release|Win32
		{96BBD710-F10A-40F7-A8AB-D0102B985CEB}.Debug Multithreaded|Win32.ActiveCfg = Debug|Win32
		{96BBD710-F10A-40F7-A8AB-D0102B985CEB}.Debug Multithreaded|Win32.Build.0 = Debug|Win32
		{96BBD710-F10A-40F7-A8AB-D0102B985CEB}.Debug Singlethreaded|Win32.ActiveCfg = Debug|Win32
		{96BBD710-F10A-40F7-A8AB-D0102B985CEB}.Debug Singlethreaded|Win32.Build.0 = Debug|Win32
		{96BBD710-F10A-40F7-A8AB-D0102B985CEB}.Debug|Win32.ActiveCfg = Debug|Win32
		{96BBD710-F10A-40F7-A8AB-D0102B985CEB}.Debug|Win32.Build.0 = Debug|Win32
		{96BBD710-F10A-40F7-A8AB-D0102B985CEB}.DebugStatic|Win32.ActiveCfg = Debug|Win32
		{96BBD710-F10A-40F7-A8AB-D0102B985CEB}.DebugStatic|Win32.Build.0 = Debug|Win32
		{96BBD710-F10A-40F7-A8AB-D0102B985CEB}.Release Multithreaded|Win32.ActiveCfg = Release|Win32
		{96BBD710-F10A-40F7-A8AB-D0102B985CEB}.Release Multithreaded|Win32.Build.0 = Release|Win32
		{96BBD710-F10A-40F7-A8AB-D0102B985CEB}.Release Singlethreaded|Win32.ActiveCfg = Release|Win32
		{96BBD710-F10A-40F7-A8AB-D0102B985CEB}.Release Singlethreaded|Win32.Build.0 = Release|Win32
		{96BBD710-F10A-40F7-A8AB-D0102B985CEB}.Release_dbg|Win32.ActiveCfg = Release|Win32
		{96BBD710-F10A-40F7-A8AB-D0102B985CEB}.Release_dbg|Win32.Build.0 = Release|Win32
		{96BBD710-F10A-40F7-A8AB-D0102B985CEB}.Release|Win32.ActiveCfg = Release|Win32
		{96BBD710-F10A-40F7-A8AB-D0102B985CEB}.Release|Win32.Build.0 = Release|Win32
		{96BBD710-F10A-40F7-A8AB-D0102B985CEB}.ReleaseStatic|Win32.ActiveCfg = Release|Win32
		{96BBD710-F10A-40F7-A8AB-D0102B985CEB}.ReleaseStatic|Win32.Build.0 = Release|Win32
		{96BBD710-F10A-40F7-A8AB-D0102B985CEB}.ServerDebug|Win32.ActiveCfg = Debug|Win32
		{96BBD710-F10A-40F7-A8AB-D0102B985CEB}.ServerDebug|Win32.Build.0 = Debug|Win32
		{96BBD710-F10A-40F7-A8AB-D0102B985CEB}.ServerRelease|Win32.ActiveCfg = Release|Win32
		{96BBD710-F10A-40F7-A8AB-D0102B985CEB}.ServerRelease|Win32.Build.0 = Release|Win32
		{020CDDD2-4A25-437C-B930-F67C46741D99}.ClientDebug|Win32.ActiveCfg = Debug|Win32
		{020CDDD2-4A25-437C-B930-F67C46741D99}.ClientDebug|Win32.Build.0 = Debug|Win32
		{020CDDD2-4A25-437C-B930-F67C46741D99}.ClientRelease|Win32.ActiveCfg = Release|Win32
		{020CDDD2-4A25-437C-B930-F67C46741D99}.ClientRelease|Win32.Build.0 = Release|Win32
		{020CDDD2-4A25-437C-B930-F67C46741D99}.Debug Multithreaded|Win32.ActiveCfg = Debug|Win32
		{020CDDD2-4A25-437C-B930-F67C46741D99}.Debug Multithreaded|Win32.Build.0 = Debug|Win32
		{020CDDD2-4A25-437C-B930-F67C46741D99}.Debug Singlethreaded|Win32.ActiveCfg = Debug|Win32
		{020CDDD2-4A25-437C-B930-F67C46741D99}.Debug Singlethreaded|Win32.Build.0 = Debug|Win32
		{020CDDD2-4A25-437C-B930-F67C46741D99}.Debug|Win32.ActiveCfg = Debug|Win32
		{020CDDD2-4A25-437C-B930-F67C46741D99}.Debug|Win32.Build.0 = Debug|Win32
		{020CDDD2-4A25-437C-B930-F67C46741D99}.DebugStatic|Win32.ActiveCfg = Debug|Win32
		{020CDDD2-4A25-437C-B930-F67C46741D99}.DebugStatic|Win32.Build.0 = Debug|Win32
		{020CDDD2-4A25-437C-B930-F67C46741D99}.Release Multithreaded|Win32.ActiveCfg = Release|Win32
		{020CDDD2-4A25-437C-B930-F67C46741D99}.Release Multithreaded|Win32.Build.0 = Release|Win32
		{020CDDD2-4A25-437C-B930-F67C46741D99}.Release Singlethreaded|Win32.ActiveCfg = Release|Win32
		{020CDDD2-4A25-437C-B930-F67C46741D99}.Release Singlethreaded|Win32.Build.0 = Release|Win32
		{020CDDD2-4A25-437C-B930-F67C46741D99}.Release_dbg|Win32.ActiveCfg = Release|Win32
		{020CDDD2-4A25-437C-B930-F67C46741D99}.Release_dbg|Win32.Build.0 = Release|Win32
		{020CDDD2-4A25-437C-B930-F67C46741D99}.Release|Win32.ActiveCfg = Release|Win32
		{020CDDD2-4A25-437C-B930-F67C46741D99}.Release|Win32.Build.0 = Release|Win32
		{020CDDD2-4A25-437C-B930-F67C46741D99}.ReleaseStatic|Win32.ActiveCfg = Release|Win32
		{020CDDD2-4A25-437C-B930-F67C46741D99}.ReleaseStatic|Win32.Build.0 = Release|Win32
		{020CDDD2-4A25-437C-B930-F67C46741D99}.ServerDebug|Win32.ActiveCfg = Debug|Win32
		{020CDDD2-4A25-437C-B930-F67C46741D99}.ServerDebug|Win32.Build.0 = Debug|Win32
		{020CDDD2-4A25-437C-B930-F67C46741D99}.ServerRelease|Win32.ActiveCfg = Release|Win32
		{020CDDD2-4A25-437C-B930-F67C46741D99}.ServerRelease|Win32.Build.0 = Release|Win32
		{4066490D-7B23-46EF-A692-7D1D4BE47457}.ClientDebug|Win32.ActiveCfg = Debug|Win32
		{4066490D-7B23-46EF-A692-7D1D4BE47457}.ClientDebug|Win32.Build.0 = Debug|Win32
		{4066490D-7B23-46EF-A692-7D1D4BE47457}.ClientRelease|Win32.ActiveCfg = Release|Win32
		{4066490D-7B23-46EF-A692-7D1D4BE47457}.ClientRelease|Win32.Build.0 = Release|Win32
		{4066490D-7B23-46EF-A692-7D1D4BE47457}.Debug Multithreaded|Win32.ActiveCfg = Debug|Win32
		{4066490D-7B23-46EF-A692-7D1D4BE47457}.Debug Multithreaded|Win32.Build.0 = Debug|Win32
		{4066490D-7B23-46EF-A692-7D1D4BE47457}.Debug Singlethreaded|Win32.ActiveCfg = Debug|Win32
		{4066490D-7B23-46EF-A692-7D1D4BE47457}.Debug Singlethreaded|Win32.Build.0 = Debug|Win32
		{4066490D-7B23-46EF-A692-7D1D4BE47457}.Debug|Win32.ActiveCfg = Debug|Win32
		{4066490D-7B23-46EF-A692-7D1D4BE47457}.Debug|Win32.Build.0 = Debug|Win32
		{4066490D-7B23-46EF-A692-7D1D4BE47457}.DebugStatic|Win32.ActiveCfg = Debug|Win32
		{4066490D-7B23-46EF-A692-7D1D4BE47457}.DebugStatic|Win32.Build.0 = Debug|Win32
		{4066490D-7B23-46EF-A692-7D1D4BE47457}.Release Multithreaded|Win32.ActiveCfg = Release|Win32
		{4066490D-7B23-46EF-A692-7D1D4BE47457}.Release Multithreaded|Win32.Build.0 = Release|Win32
		{4066490D-7B23-46EF-A692-7D1D4BE47457}.Release Singlethreaded|Win32.ActiveCfg = Release|Win32
		{4066490D-7B23-46EF-A692-7D1D4BE47457}.Release Singlethreaded|Win32.Build.0 = Release|Win32
		{4066490D-7B23-46EF-A692-7D1D4BE47457}.Release_dbg|Win32.ActiveCfg = Release|Win32
		{4066490D-7B23-46EF-A692-7D1D4BE47457}.Release_dbg|Win32.Build.0 = Release|Win32
		{4066490D-7B23-46EF-A692-7D1D4BE47457}.Release|Win32.ActiveCfg = Release|Win32
		{4066490D-7B23-46EF-A692-7D1D4BE47457}.Release|Win32.Build.0 = Release|Win32
		{4066490D-7B23-46EF-A692-7D1D4BE47457}.ReleaseStatic|Win32.ActiveCfg = Release|Win32
		{4066490D-7B23-46EF-A692-7D1D4BE47457}.ReleaseStatic|Win32.Build.0 = Release|Win32
		{4066490D-7B23-46EF-A692-7D1D4BE47457}.ServerDebug|Win32.ActiveCfg = Debug|Win32
		{4066490D-7B23-46EF-A692-7D1D4BE47457}.ServerDebug|Win32.Build.0 = Debug|Win32
		{4066490D-7B23-46EF-A692-7D1D4BE47457}.ServerRelease|Win32.ActiveCfg = Release|Win32
		{4066490D-7B23-46EF-A692-7D1D4BE47457}.ServerRelease|Win32.Build.0 = Release|Win32
		{5D066A86-FE2C-40AE-B389-5C427E9C4A10}.ClientDebug|Win32.ActiveCfg = Debug|Win32
		{5D066A86-FE2C-40AE-B389-5C427E9C4A10}.ClientDebug|Win32.Build.0 = Debug|Win32
		{5D066A86-FE2C-40AE-B389-5C427E9C4A10}.ClientRelease|Win32.ActiveCfg = Release|Win32
		{5D066A86-FE2C-40AE-B389-5C427E9C4A10}.ClientRelease|Win32.Build.0 = Release|Win32
		{5D066A86-FE2C-40AE-B389-5C427E9C4A10}.Debug Multithreaded|Win32.ActiveCfg = Debug|Win32
		{5D066A86-FE2C-40AE-B389-5C427E9C4A10}.Debug Multithreaded|Win32.Build.0 = Debug|Win32
		{5D066A86-FE2C-40AE-B389-5C427E9C4A10}.Debug Singlethreaded|Win32.ActiveCfg = Debug|Win32
		{5D066A86-FE2C-40AE-B389-5C427E9C4A10}.Debug Singlethreaded|Win32.Build.0 = Debug|Win32
		{5D066A86-FE2C-40AE-B389-5C427E9C4A10}.Debug|Win32.ActiveCfg = Debug|Win32
		{5D066A86-FE2C-40AE-B389-5C427E9C4A10}.Debug|Win32.Build.0 = Debug|Win32
		{5D066A86-FE2C-40AE-B389-5C427E9C4A10}.DebugStatic|Win32.ActiveCfg = Debug|Win32
		{5D066A86-FE2C-40AE-B389-5C427E9C4A10}.DebugStatic|Win32.Build.0 = Debug|Win32
		{5D066A86-FE2C-40AE-B389-5C427E9C4A10}.Release Multithreaded|Win32.ActiveCfg = Release|Win32
		{5D066A86-FE2C-40AE-B389-5C427E9C4A10}.Release Multithreaded|Win32.Build.0 = Release|Win32
		{5D066A86-FE2C-40AE-B389-5C427E9C4A10}.Release Singlethreaded|Win32.ActiveCfg = Release|Win32
		{5D066A86-FE2C-40AE-B389-5C427E9C4A10}.Release Singlethreaded|Win32.Build.0 = Release|Win32
		{5D066A86-FE2C-40AE-B389-5C427E9C4A10}.Release_dbg|Win32.ActiveCfg = Release|Win32
		{5D066A86-FE2C-40AE-B389-5C427E9C4A10}.Release_dbg|Win32.Build.0 = Release|Win32
		{5D066A86-FE2C-40AE-B389-5C427E9C4A10}.Release|Win32.ActiveCfg = Release|Win32
		{5D066A86-FE2C-40AE-B389-5C427E9C4A10}.Release|Win32.Build.0 = Release|Win32
		{5D066A86-FE2C-40AE-B389-5C427E9C4A10}.ReleaseStatic|Win32.ActiveCfg = Release|Win32
		{5D066A86-FE2C-40AE-B389-5C427E9C4A10}.ReleaseStatic|Win32.Build.0 = Release|Win32
		{5D066A86-FE2C-40AE-B389-5C427E9C4A10}.ServerDebug|Win32.ActiveCfg = Debug|Win32
		{5D066A86-FE2C-40AE-B389-5C427E9C4A10}.ServerDebug|Win32.Build.0 = Debug|Win32
		{5D066A86-FE2C-40AE-B389-5C427E9C4A10}.ServerRelease|Win32.ActiveCfg = Release|Win32
		{5D066A86-FE2C-40AE-B389-5C427E9C4A10}.ServerRelease|Win32.Build.0 = Release|Win32
		{A358F307-B5F5-42B4-A173-C289EC9EFF42}.ClientDebug|Win32.ActiveCfg = Debug|Win32
		{A358F307-B5F5-42B4-A173-C289EC9EFF42}.ClientDebug|Win32.Build.0 = Debug|Win32
		{A358F307-B5F5-42B4-A173-C289EC9EFF42}.ClientRelease|Win32.ActiveCfg = Release|Win32
		{A358F307-B5F5-42B4-A173-C289EC9EFF42}.ClientRelease|Win32.Build.0 = Release|Win32
		{A358F307-B5F5-42B4-A173-C289EC9EFF42}.Debug Multithreaded|Win32.ActiveCfg = Debug|Win32
		{A358F307-B5F5-42B4-A173-C289EC9EFF42}.Debug Multithreaded|Win32.Build.0 = Debug|Win32
		{A358F307-B5F5-42B4-A173-C289EC9EFF42}.Debug Singlethreaded|Win32.ActiveCfg = Debug|Win32
		{A358F307-B5F5-42B4-A173-C289EC9EFF42}.Debug Singlethreaded|Win32.Build.0 = Debug|Win32
		{A358F307-B5F5-42B4-A173-C289EC9EFF42}.Debug|Win32.ActiveCfg = Debug|Win32
		{A358F307-B5F5-42B4-A173-C289EC9EFF42}.Debug|Win32.Build.0 = Debug|Win32
		{A358F307-B5F5-42B4-A173-C289EC9EFF42}.DebugStatic|Win32.ActiveCfg = Debug|Win32
		{A358F307-B5F5-42B4-A173-C289EC9EFF42}.DebugStatic|Win32.Build.0 = Debug|Win32
		{A358F307-B5F5-42B4-A173-C289EC9EFF42}.Release Multithreaded|Win32.ActiveCfg = Release|Win32
		{A358F307-B5F5-42B4-A173-C289EC9EFF42}.Release Multithreaded|Win32.Build.0 = Release|Win32
		{A358F307-B5F5-42B4-A173-C289EC9EFF42}.Release Singlethreaded|Win32.ActiveCfg = Release|Win32
		{A358F307-B5F5-42B4-A173-C289EC9EFF42}.Release Singlethreaded|Win32.Build.0 = Release|Win32
		{A358F307-B5F5-42B4-A173-C289EC9EFF42}.Release_dbg|Win32.ActiveCfg = Release|Win32
		{A358F307-B5F5-42B4-A173-C289EC9EFF42}.Release_dbg|Win32.Build.0 = Release|Win32
		{A358F307-B5F5-42B4-A173-C289EC9EFF42}.Release|Win32.ActiveCfg = Release|Win32
		{A358F307-B5F5-42B4-A173-C289EC9EFF42}.Release|Win32.Build.0 = Release|Win32
		{A358F307-B5F5-42B4-A173-C289EC9EFF42}.ReleaseStatic|Win32.ActiveCfg = Release|Win32
		{A358F307-B5F5-42B4-A173-C289EC9EFF42}.ReleaseStatic|Win32.Build.0 = Release|Win32
		{A358F307-B5F5-42B4-A173-C289EC9EFF42}.ServerDebug|Win32.ActiveCfg = Debug|Win32
		{A358F307-B5F5-42B4-A173-C289EC9EFF42}.ServerDebug|Win32.Build.0 = Debug|Win32
		{A358F307-B5F5-42B4-A173-C289EC9EFF42}.ServerRelease|Win32.ActiveCfg = Release|Win32
		{A358F307-B5F5-42B4-A173-C289EC9EFF42}.ServerRelease|Win32.Build.0 = Release|Win32
		{F9ADD08F-8B58-4AFA-8633-78CC6DCA750C}.ClientDebug|Win32.ActiveCfg = Debug|Win32
		{F9ADD08F-8B58-4AFA-8633-78CC6DCA750C}.ClientDebug|Win32.Build.0 = Debug|Win32
		{F9ADD08F-8B58-4AFA-8633-78CC6DCA750C}.ClientRelease|Win32.ActiveCfg = Release|Win32
		{F9ADD08F-8B58-4AFA-8633-78CC6DCA750C}.ClientRelease|Win32.Build.0 = Release|Win32
		{F9ADD08F-8B58-4AFA-8633-78CC6DCA750C}.Debug Multithreaded|Win32.ActiveCfg = Debug|Win32
		{F9ADD08F-8B58-4AFA-8633-78CC6DCA750C}.Debug Multithreaded|Win32.Build.0 = Debug|Win32
		{F9ADD08F-8B58-4AFA-8633-78CC6DCA750C}.Debug Singlethreaded|Win32.ActiveCfg = Debug|Win32
		{F9ADD08F-8B58-4AFA-8633-78CC6DCA750C}.Debug Singlethreaded|Win32.Build.0 = Debug|Win32
		{F9ADD08F-8B58-4AFA-8633-78CC6DCA750C}.Debug|Win32.ActiveCfg = Debug|Win32
		{F9ADD08F-8B58-4AFA-8633-78CC6DCA750C}.Debug|Win32.Build.0 = Debug|Win32
		{F9ADD08F-8B58-4AFA-8633-78CC6DCA750C}.DebugStatic|Win32.ActiveCfg = Debug|Win32
		{F9ADD08F-8B58-4AFA-8633-78CC6DCA750C}.DebugStatic|Win32.Build.0 = Debug|Win32
		{F9ADD08F-8B58-4AFA-8633-78CC6DCA750C}.Release Multithreaded|Win32.ActiveCfg = Release|Win32
		{F9ADD08F-8B58-4AFA-8633-78CC6DCA750C}.Release Multithreaded|Win32.Build.0 = Release|Win32
		{F9ADD08F-8B58-4AFA-8633-78CC6DCA750C}.Release Singlethreaded|Win32.ActiveCfg = Release|Win32
		{F9ADD08F-8B58-4AFA-8633-78CC6DCA750C}.Release Singlethreaded|Win32.Build.0 = Release|Win32
		{F9ADD08F-8B58-4AFA-8633-78CC6DCA750C}.Release_dbg|Win32.ActiveCfg = Release|Win32
		{F9ADD08F-8B58-4AFA-8633-78CC6DCA750C}.Release_dbg|Win32.Build.0 = Release|Win32
		{F9ADD08F-8B58-4AFA-8633-78CC6DCA750C}.Release|Win32.ActiveCfg = Release|Win32
		{F9ADD08F-8B58-4AFA-8633-78CC6DCA750C}.Release|Win32.Build.0 = Release|Win32
		{F9ADD08F-8B58-4AFA-8633-78CC6DCA750C}.ReleaseStatic|Win32.ActiveCfg = Release|Win32
		{F9ADD08F-8B58-4AFA-8633-78CC6DCA750C}.ReleaseStatic|Win32.Build.0 = Release|Win32
		{F9ADD08F-8B58-4AFA-8633-78CC6DCA750C}.ServerDebug|Win32.ActiveCfg = Debug|Win32
		{F9ADD08F-8B58-4AFA-8633-78CC6DCA750C}.ServerDebug|Win32.Build.0 = Debug|Win32
		{F9ADD08F-8B58-4AFA-8633-78CC6DCA750C}.ServerRelease|Win32.ActiveCfg = Release|Win32
		{F9ADD08F-8B58-4AFA-8633-78CC6DCA750C}.ServerRelease|Win32.Build.0 = Release|Win32
		{68D83E42-F302-47F6-B187-259641171203}.ClientDebug|Win32.ActiveCfg = Debug|Win32
		{68D83E42-F302-47F6-B187-259641171203}.ClientDebug|Win32.Build.0 = Debug|Win32
		{68D83E42-F302-47F6-B187-259641171203}.ClientRelease|Win32.ActiveCfg = Release|Win32
		{68D83E42-F302-47F6-B187-259641171203}.ClientRelease|Win32.Build.0 = Release|Win32
		{68D83E42-F302-47F6-B187-259641171203}.Debug Multithreaded|Win32.ActiveCfg = Debug|Win32
		{68D83E42-F302-47F6-B187-259641171203}.Debug Multithreaded|Win32.Build.0 = Debug|Win32
		{68D83E42-F302-47F6-B187-259641171203}.Debug Singlethreaded|Win32.ActiveCfg = Debug|Win32
		{68D83E42-F302-47F6-B187-259641171203}.Debug Singlethreaded|Win32.Build.0 = Debug|Win32
		{68D83E42-F302-47F6-B187-259641171203}.Debug|Win32.ActiveCfg = Debug|Win32
		{68D83E42-F302-47F6-B187-259641171203}.Debug|Win32.Build.0 = Debug|Win32
		{68D83E42-F302-47F6-B187-259641171203}.DebugStatic|Win32.ActiveCfg = Debug|Win32
		{68D83E42-F302-47F6-B187-259641171203}.DebugStatic|Win32.Build.0 = Debug|Win32
		{68D83E42-F302-47F6-B187-259641171203}.Release Multithreaded|Win32.ActiveCfg = Release|Win32
		{68D83E42-F302-47F6-B187-259641171203}.Release Multithreaded|Win32.Build.0 = Release|Win32
		{68D83E42-F302-47F6-B187-259641171203}.Release Singlethreaded|Win32.ActiveCfg = Release|Win32
		{68D83E42-F302-47F6-B187-259641171203}.Release Singlethreaded|Win32.Build.0 = Release|Win32
		{68D83E42-F302-47F6-B187-259641171203}.Release_dbg|Win32.ActiveCfg = Release|Win32
		{68D83E42-F302-47F6-B187-259641171203}.Release_dbg|Win32.Build.0 = Release|Win32
		{68D83E42-F302-47F6-B187-259641171203}.Release|Win32.ActiveCfg = Release|Win32
		{68D83E42-F302-47F6-B187-259641171203}.Release|Win32.Build.0 = Release|Win32
		{68D83E42-F302-47F6-B187-259641171203}.ReleaseStatic|Win32.ActiveCfg = Release|Win32
		{68D83E42-F302-47F6-B187-259641171203}.ReleaseStatic|Win32.Build.0 = Release|Win32
		{68D83E42-F302-47F6-B187-259641171203}.ServerDebug|Win32.ActiveCfg = Debug|Win32
		{68D83E42-F302-47F6-B187-259641171203}.ServerDebug|Win32.Build.0 = Debug|Win32
		{68D83E42-F302-47F6-B187-259641171203}.ServerRelease|Win32.ActiveCfg = Release|Win32
		{68D83E42-F302-47F6-B187-259641171203}.ServerRelease|Win32.Build.0 = Release|Win32
		{944D7839-2DF4-4762-ACB3-329861E59502}.ClientDebug|Win32.ActiveCfg = Debug|Win32
		{944D7839-2DF4-4762-ACB3-329861E59502}.ClientDebug|Win32.Build.0 = Debug|Win32
		{944D7839-2DF4-4762-ACB3-329861E59502}.ClientRelease|Win32.ActiveCfg = Release|Win32
		{944D7839-2DF4-4762-ACB3-329861E59502}.ClientRelease|Win32.Build.0 = Release|Win32
		{944D7839-2DF4-4762-ACB3-329861E59502}.Debug Multithreaded|Win32.ActiveCfg = Debug|Win32
		{944D7839-2DF4-4762-ACB3-329861E59502}.Debug Multithreaded|Win32.Build.0 = Debug|Win32
		{944D7839-2DF4-4762-ACB3-329861E59502}.Debug Singlethreaded|Win32.ActiveCfg = Debug|Win32
		{944D7839-2DF4-4762-ACB3-329861E59502}.Debug Singlethreaded|Win32.Build.0 = Debug|Win32
		{944D7839-2DF4-4762-ACB3-329861E59502}.Debug|Win32.ActiveCfg = Debug|Win32
		{944D7839-2DF4-4762-ACB3-329861E59502}.Debug|Win32.Build.0 = Debug|Win32
		{944D7839-2DF4-4762-ACB3-329861E59502}.DebugStatic|Win32.ActiveCfg = Debug|Win32
		{944D7839-2DF4-4762-ACB3-329861E59502}.DebugStatic|Win32.Build.0 = Debug|Win32
		{944D7839-2DF4-4762-ACB3-329861E59502}.Release Multithreaded|Win32.ActiveCfg = Release|Win32
		{944D7839-2DF4-4762-ACB3-329861E59502}.Release Multithreaded|Win32.Build.0 = Release|Win32
		{944D7839-2DF4-4762-ACB3-329861E59502}.Release Singlethreaded|Win32.ActiveCfg = Release|Win32
		{944D7839-2DF4-4762-ACB3-329861E59502}.Release Singlethreaded|Win32.Build.0 = Release|Win32
		{944D7839-2DF4-4762-ACB3-329861E59502}.Release_dbg|Win32.ActiveCfg = Release|Win32
		{944D7839-2DF4-4762-ACB3-329861E59502}.Release_dbg|Win32.Build.0 = Release|Win32
		{944D7839-2DF4-4762-ACB3-329861E59502}.Release|Win32.ActiveCfg = Release|Win32
		{944D7839-2DF4-4762-ACB3-329861E59502}.Release|Win32.Build.0 = Release|Win32
		{944D7839-2DF4-4762-ACB3-329861E59502}.ReleaseStatic|Win32.ActiveCfg = Release|Win32
		{944D7839-2DF4-4762-ACB3-329861E59502}.ReleaseStatic|Win32.Build.0 = Release|Win32
		{944D7839-2DF4-4762-ACB3-329861E59502}.ServerDebug|Win32.ActiveCfg = Debug|Win32
		{944D7839-2DF4-4762-ACB3-329861E59502}.ServerDebug|Win32.Build.0 = Debug|Win32
		{944D7839-2DF4-4762-ACB3-329861E59502}.ServerRelease|Win32.ActiveCfg = Release|Win32
		{944D7839-2DF4-4762-ACB3-329861E59502}.ServerRelease|Win32.Build.0 = Release|Win32
		{78B079BD-9FC7-4B9E-B4A6-96DA0F00248B}.ClientDebug|Win32.ActiveCfg = Debug|Win32
		{78B079BD-9FC7-4B9E-B4A6-96DA0F00248B}.ClientDebug|Win32.Build.0 = Debug|Win32
		{78B079BD-9FC7-4B9E-B4A6-96DA0F00248B}.ClientRelease|Win32.ActiveCfg = Release|Win32
		{78B079BD-9FC7-4B9E-B4A6-96DA0F00248B}.ClientRelease|Win32.Build.0 = Release|Win32
		{78B079BD-9FC7-4B9E-B4A6-96DA0F00248B}.Debug Multithreaded|Win32.ActiveCfg = Debug|Win32
		{78B079BD-9FC7-4B9E-B4A6-96DA0F00248B}.Debug Multithreaded|Win32.Build.0 = Debug|Win32
		{78B079BD-9FC7-4B9E-B4A6-96DA0F00248B}.Debug Singlethreaded|Win32.ActiveCfg = Debug|Win32
		{78B079BD-9FC7-4B9E-B4A6-96DA0F00248B}.Debug Singlethreaded|Win32.Build.0 = Debug|Win32
		{78B079BD-9FC7-4B9E-B4A6-96DA0F00248B}.Debug|Win32.ActiveCfg = Debug|Win32
		{78B079BD-9FC7-4B9E-B4A6-96DA0F00248B}.Debug|Win32.Build.0 = Debug|Win32
		{78B079BD-9FC7-4B9E-B4A6-96DA0F00248B}.DebugStatic|Win32.ActiveCfg = Debug|Win32
		{78B079BD-9FC7-4B9E-B4A6-96DA0F00248B}.DebugStatic|Win32.Build.0 = Debug|Win32
		{78B079BD-9FC7-4B9E-B4A6-96DA0F00248B}.Release Multithreaded|Win32.ActiveCfg = Release|Win32
		{78B079BD-9FC7-4B9E-B4A6-96DA0F00248B}.Release Multithreaded|Win32.Build.0 = Release|Win32
		{78B079BD-9FC7-4B9E-B4A6-96DA0F00248B}.Release Singlethreaded|Win32.ActiveCfg = Release|Win32
		{78B079BD-9FC7-4B9E-B4A6-96DA0F00248B}.Release Singlethreaded|Win32.Build.0 = Release|Win32
		{78B079BD-9FC7-4B9E-B4A6-96DA0F00248B}.Release_dbg|Win32.ActiveCfg = Release|Win32
		{78B079BD-9FC7-4B9E-B4A6-96DA0F00248B}.Release_dbg|Win32.Build.0 = Release|Win32
		{78B079BD-9FC7-4B9E-B4A6-96DA0F00248B}.Release|Win32.ActiveCfg = Release|Win32
		{78B079BD-9FC7-4B9E-B4A6-96DA0F00248B}.Release|Win32.Build.0 = Release|Win32
		{78B079BD-9FC7-4B9E-B4A6-96DA0F00248B}.ReleaseStatic|Win32.ActiveCfg = Release|Win32
		{78B079BD-9FC7-4B9E-B4A6-96DA0F00248B}.ReleaseStatic|Win32.Build.0 = Release|Win32
		{78B079BD-9FC7-4B9E-B4A6-96DA0F00248B}.ServerDebug|Win32.ActiveCfg = Debug|Win32
		{78B079BD-9FC7-4B9E-B4A6-96DA0F00248B}.ServerDebug|Win32.Build.0 = Debug|Win32
		{78B079BD-9FC7-4B9E-B4A6-96DA0F00248B}.ServerRelease|Win32.ActiveCfg = Release|Win32
		{78B079BD-9FC7-4B9E-B4A6-96DA0F00248B}.ServerRelease|Win32.Build.0 = Release|Win32
		{D0273DB7-06C1-40E0-A984-A3FA1208DB80}.ClientDebug|Win32.ActiveCfg = Debug|Win32
		{D0273DB7-06C1-40E0-A984-A3FA1208DB80}.ClientDebug|Win32.Build.0 = Debug|Win32
		{D0273DB7-06C1-40E0-A984-A3FA1208DB80}.ClientRelease|Win32.ActiveCfg = Release|Win32
		{D0273DB7-06C1-40E0-A984-A3FA1208DB80}.ClientRelease|Win32.Build.0 = Release|Win32
		{D0273DB7-06C1-40E0-A984-A3FA1208DB80}.Debug Multithreaded|Win32.ActiveCfg = Debug|Win32
		{D0273DB7-06C1-40E0-A984-A3FA1208DB80}.Debug Multithreaded|Win32.Build.0 = Debug|Win32
		{D0273DB7-06C1-40E0-A984-A3FA1208DB80}.Debug Singlethreaded|Win32.ActiveCfg = Debug|Win32
		{D0273DB7-06C1-40E0-A984-A3FA1208DB80}.Debug Singlethreaded|Win32.Build.0 = Debug|Win32
		{D0273DB7-06C1-40E0-A984-A3FA1208DB80}.Debug|Win32.ActiveCfg = Debug|Win32
		{D0273DB7-06C1-40E0-A984-A3FA1208DB80}.Debug|Win32.Build.0 = Debug|Win32
		{D0273DB7-06C1-40E0-A984-A3FA1208DB80}.DebugStatic|Win32.ActiveCfg = Debug|Win32
		{D0273DB7-06C1-40E0-A984-A3FA1208DB80}.DebugStatic|Win32.Build.0 = Debug|Win32
		{D0273DB7-06C1-40E0-A984-A3FA1208DB80}.Release Multithreaded|Win32.ActiveCfg = Release|Win32
		{D0273DB7-06C1-40E0-A984-A3FA1208DB80}.Release Multithreaded|Win32.Build.0 = Release|Win32
		{D0273DB7-06C1-40E0-A984-A3FA1208DB80}.Release Singlethreaded|Win32.ActiveCfg = Release|Win32
		{D0273DB7-06C1-40E0-A984-A3FA1208DB80}.Release Singlethreaded|Win32.Build.0 = Release|Win32
		{D0273DB7-06C1-40E0-A984-A3FA1208DB80}.Release_dbg|Win32.ActiveCfg = Release|Win32
		{D0273DB7-06C1-40E0-A984-A3FA1208DB80}.Release_dbg|Win32.Build.0 = Release|Win32
		{D0273DB7-06C1-40E0-A984-A3FA1208DB80}.Release|Win32.ActiveCfg = Release|Win32
		{D0273DB7-06C1-40E0-A984-A3FA1208DB80}.Release|Win32.Build.0 = Release|Win32
		{D0273DB7-06C1-40E0-A984-A3FA1208DB80}.ReleaseStatic|Win32.ActiveCfg = Release|Win32
		{D0273DB7-06C1-40E0-A984-A3FA1208DB80}.ReleaseStatic|Win32.Build.0 = Release|Win32
		{D0273DB7-06C1-40E0-A984-A3FA1208DB80}.ServerDebug|Win32.ActiveCfg = Debug|Win32
		{D0273DB7-06C1-40E0-A984-A3FA1208DB80}.ServerDebug|Win32.Build.0 = Debug|Win32
		{D0273DB7-06C1-40E0-A984-A3FA1208DB80}.ServerRelease|Win32.ActiveCfg = Release|Win32
		{D0273DB7-06C1-40E0-A984-A3FA1208DB80}.ServerRelease|Win32.Build.0 = Release|Win32
		{E34B1512-E9B0-404D-8266-1DE87D2B8783}.ClientDebug|Win32.ActiveCfg = Debug|Win32
		{E34B1512-E9B0-404D-8266-1DE87D2B8783}.ClientDebug|Win32.Build.0 = Debug|Win32
		{E34B1512-E9B0-404D-8266-1DE87D2B8783}.ClientRelease|Win32.ActiveCfg = Release|Win32
		{E34B1512-E9B0-404D-8266-1DE87D2B8783}.ClientRelease|Win32.Build.0 = Release|Win32
		{E34B1512-E9B0-404D-8266-1DE87D2B8783}.Debug Multithreaded|Win32.ActiveCfg = Debug|Win32
		{E34B1512-E9B0-404D-8266-1DE87D2B8783}.Debug Multithreaded|Win32.Build.0 = Debug|Win32
		{E34B1512-E9B0-404D-8266-1DE87D2B8783}.Debug Singlethreaded|Win32.ActiveCfg = Debug|Win32
		{E34B1512-E9B0-404D-8266-1DE87D2B8783}.Debug Singlethreaded|Win32.Build.0 = Debug|Win32
		{E34B1512-E9B0-404D-8266-1DE87D2B8783}.Debug|Win32.ActiveCfg = Debug|Win32
		{E34B1512-E9B0-404D-8266-1DE87D2B8783}.Debug|Win32.Build.0 = Debug|Win32
		{E34B1512-E9B0-404D-8266-1DE87D2B8783}.DebugStatic|Win32.ActiveCfg = Debug|Win32
		{E34B1512-E9B0-404D-8266-1DE87D2B8783}.DebugStatic|Win32.Build.0 = Debug|Win32
		{E34B1512-E9B0-404D-8266-1DE87D2B8783}.Release Multithreaded|Win32.ActiveCfg = Release|Win32
		{E34B1512-E9B0-404D-8266-1DE87D2B8783}.Release Multithreaded|Win32.Build.0 = Release|Win32
		{E34B1512-E9B0-404D-8266-1DE87D2B8783}.Release Singlethreaded|Win32.ActiveCfg = Release|Win32
		{E34B1512-E9B0-404D-8266-1DE87D2B8783}.Release Singlethreaded|Win32.Build.0 = Release|Win32
		{E34B1512-E9B0-404D-8266-1DE87D2B8783}.Release_dbg|Win32.ActiveCfg = Release|Win32
		{E34B1512-E9B0-404D-8266-1DE87D2B8783}.Release_dbg|Win32.Build.0 = Release|Win32
		{E34B1512-E9B0-404D-8266-1DE87D2B8783}.Release|Win32.ActiveCfg = Release|Win32
		{E34B1512-E9B0-404D-8266-1DE87D2B8783}.Release|Win32.Build.0 = Release|Win32
		{E34B1512-E9B0-404D-8266-1DE87D2B8783}.ReleaseStatic|Win32.ActiveCfg = Release|Win32
		{E34B1512-E9B0-404D-8266-1DE87D2B8783}.ReleaseStatic|Win32.Build.0 = Release|Win32
		{E34B1512-E9B0-404D-8266-1DE87D2B8783}.ServerDebug|Win32.ActiveCfg = Debug|Win32
		{E34B1512-E9B0-404D-8266-1DE87D2B8783}.ServerDebug|Win32.Build.0 = Debug|Win32
		{E34B1512-E9B0-404D-8266-1DE87D2B8783}.ServerRelease|Win32.ActiveCfg = Release|Win32
		{E34B1512-E9B0-404D-8266-1DE87D2B8783}.ServerRelease|Win32.Build.0 = Release|Win32
		{97E29231-3847-46BD-A3DB-770D5908248F}.ClientDebug|Win32.ActiveCfg = Debug|Win32
		{97E29231-3847-46BD-A3DB-770D5908248F}.ClientDebug|Win32.Build.0 = Debug|Win32
		{97E29231-3847-46BD-A3DB-770D5908248F}.ClientRelease|Win32.ActiveCfg = Release|Win32
		{97E29231-3847-46BD-A3DB-770D5908248F}.ClientRelease|Win32.Build.0 = Release|Win32
		{97E29231-3847-46BD-A3DB-770D5908248F}.Debug Multithreaded|Win32.ActiveCfg = Debug|Win32
		{97E29231-3847-46BD-A3DB-770D5908248F}.Debug Multithreaded|Win32.Build.0 = Debug|Win32
		{97E29231-3847-46BD-A3DB-770D5908248F}.Debug Singlethreaded|Win32.ActiveCfg = Debug|Win32
		{97E29231-3847-46BD-A3DB-770D5908248F}.Debug Singlethreaded|Win32.Build.0 = Debug|Win32
		{97E29231-3847-46BD-A3DB-770D5908248F}.Debug|Win32.ActiveCfg = Debug|Win32
		{97E29231-3847-46BD-A3DB-770D5908248F}.Debug|Win32.Build.0 = Debug|Win32
		{97E29231-3847-46BD-A3DB-770D5908248F}.DebugStatic|Win32.ActiveCfg = Debug|Win32
		{97E29231-3847-46BD-A3DB-770D5908248F}.DebugStatic|Win32.Build.0 = Debug|Win32
		{97E29231-3847-46BD-A3DB-770D5908248F}.Release Multithreaded|Win32.ActiveCfg = Release|Win32
		{97E29231-3847-46BD-A3DB-770D5908248F}.Release Multithreaded|Win32.Build.0 = Release|Win32
		{97E29231-3847-46BD-A3DB-770D5908248F}.Release Singlethreaded|Win32.ActiveCfg = Release|Win32
		{97E29231-3847-46BD-A3DB-770D5908248F}.Release Singlethreaded|Win32.Build.0 = Release|Win32
		{97E29231-3847-46BD-A3DB-770D5908248F}.Release_dbg|Win32.ActiveCfg = Release|Win32
		{97E29231-3847-46BD-A3DB-770D5908248F}.Release_dbg|Win32.Build.0 = Release|Win32
		{97E29231-3847-46BD-A3DB-770D5908248F}.Release|Win32.ActiveCfg = Release|Win32
		{97E29231-3847-46BD-A3DB-770D5908248F}.Release|Win32.Build.0 = Release|Win32
		{97E29231-3847-46BD-A3DB-770D5908248F}.ReleaseStatic|Win32.ActiveCfg = Release|Win32
		{97E29231-3847-46BD-A3DB-770D5908248F}.ReleaseStatic|Win32.Build.0 = Release|Win32
		{97E29231-3847-46BD-A3DB-770D5908248F}.ServerDebug|Win32.ActiveCfg = Debug|Win32
		{97E29231-3847-46BD-A3DB-770D5908248F}.ServerDebug|Win32.Build.0 = Debug|Win32
		{97E29231-3847-46BD-A3DB-770D5908248F}.ServerRelease|Win32.ActiveCfg = Release|Win32
		{97E29231-3847-46BD-A3DB-770D5908248F}.ServerRelease|Win32.Build.0 = Release|Win32
		{8483B51A-D9D7-408F-8B75-3CF066365D41}.ClientDebug|Win32.ActiveCfg = Debug|Win32
		{8483B51A-D9D7-408F-8B75-3CF066365D41}.ClientDebug|Win32.Build.0 = Debug|Win32
		{8483B51A-D9D7-408F-8B75-3CF066365D41}.ClientRelease|Win32.ActiveCfg = Release|Win32
		{8483B51A-D9D7-408F-8B75-3CF066365D41}.ClientRelease|Win32.Build.0 = Release|Win32
		{8483B51A-D9D7-408F-8B75-3CF066365D41}.Debug Multithreaded|Win32.ActiveCfg = Debug|Win32
		{8483B51A-D9D7-408F-8B75-3CF066365D41}.Debug Multithreaded|Win32.Build.0 = Debug|Win32
		{8483B51A-D9D7-408F-8B75-3CF066365D41}.Debug Singlethreaded|Win32.ActiveCfg = Debug|Win32
		{8483B51A-D9D7-408F-8B75-3CF066365D41}.Debug Singlethreaded|Win32.Build.0 = Debug|Win32
		{8483B51A-D9D7-408F-8B75-3CF066365D41}.Debug|Win32.ActiveCfg = Debug|Win32
		{8483B51A-D9D7-408F-8B75-3CF066365D41}.Debug|Win32.Build.0 = Debug|Win32
		{8483B51A-D9D7-408F-8B75-3CF066365D41}.DebugStatic|Win32.ActiveCfg = Debug|Win32
		{8483B51A-D9D7-408F-8B75-3CF066365D41}.DebugStatic|Win32.Build.0 = Debug|Win32
		{8483B51A-D9D7-408F-8B75-3CF066365D41}.Release Multithreaded|Win32.ActiveCfg = Release|Win32
		{8483B51A-D9D7-408F-8B75-3CF066365D41}.Release Multithreaded|Win32.Build.0 = Release|Win32
		{8483B51A-D9D7-408F-8B75-3CF066365D41}.Release Singlethreaded|Win32.ActiveCfg = Release|Win32
		{8483B51A-D9D7-408F-8B75-3CF066365D41}.Release Singlethreaded|Win32.Build.0 = Release|Win32
		{8483B51A-D9D7-408F-8B75-3CF066365D41}.Release_dbg|Win32.ActiveCfg = Release|Win32
		{8483B51A-D9D7-408F-8B75-3CF066365D41}.Release_dbg|Win32.Build.0 = Release|Win32
		{8483B51A-D9D7-408F-8B75-3CF066365D41}.Release|Win32.ActiveCfg = Release|Win32
		{8483B51A-D9D7-408F-8B75-3CF066365D41}.Release|Win32.Build.0 = Release|Win32
		{8483B51A-D9D7-408F-8B75-3CF066365D41}.ReleaseStatic|Win32.ActiveCfg = Release|Win32
		{8483B51A-D9D7-408F-8B75-3CF066365D41}.ReleaseStatic|Win32.Build.0 = Release|Win32
		{8483B51A-D9D7-408F-8B75-3CF066365D41}.ServerDebug|Win32.ActiveCfg = Debug|Win32
		{8483B51A-D9D7-408F-8B75-3CF066365D41}.ServerDebug|Win32.Build.0 = Debug|Win32
		{8483B51A-D9D7-408F-8B75-3CF066365D41}.ServerRelease|Win32.ActiveCfg = Release|Win32
		{8483B51A-D9D7-408F-8B75-3CF066365D41}.ServerRelease|Win32.Build.0 = Release|Win32
		{18556E3E-0DF2-494F-B5C7-04D872A28F0F}.ClientDebug|Win32.ActiveCfg = Debug|Win32
		{18556E3E-0DF2-494F-B5C7-04D872A28F0F}.ClientDebug|Win32.Build.0 = Debug|Win32
		{18556E3E-0DF2-494F-B5C7-04D872A28F0F}.ClientRelease|Win32.ActiveCfg = Release|Win32
		{18556E3E-0DF2-494F-B5C7-04D872A28F0F}.ClientRelease|Win32.Build.0 = Release|Win32
		{18556E3E-0DF2-494F-B5C7-04D872A28F0F}.Debug Multithreaded|Win32.ActiveCfg = Debug|Win32
		{18556E3E-0DF2-494F-B5C7-04D872A28F0F}.Debug Multithreaded|Win32.Build.0 = Debug|Win32
		{18556E3E-0DF2-494F-B5C7-04D872A28F0F}.Debug Singlethreaded|Win32.ActiveCfg = Debug|Win32
		{18556E3E-0DF2-494F-B5C7-04D872A28F0F}.Debug Singlethreaded|Win32.Build.0 = Debug|Win32
		{18556E3E-0DF2-494F-B5C7-04D872A28F0F}.Debug|Win32.ActiveCfg = Debug|Win32
		{18556E3E-0DF2-494F-B5C7-04D872A28F0F}.Debug|Win32.Build.0 = Debug|Win32
		{18556E3E-0DF2-494F-B5C7-04D872A28F0F}.DebugStatic|Win32.ActiveCfg = Debug|Win32
		{18556E3E-0DF2-494F-B5C7-04D872A28F0F}.DebugStatic|Win32.Build.0 = Debug|Win32
		{18556E3E-0DF2-494F-B5C7-04D872A28F0F}.Release Multithreaded|Win32.ActiveCfg = Release|Win32
		{18556E3E-0DF2-494F-B5C7-04D872A28F0F}.Release Multithreaded|Win32.Build.0 = Release|Win32
		{18556E3E-0DF2-494F-B5C7-04D872A28F0F}.Release Singlethreaded|Win32.ActiveCfg = Release|Win32
		{18556E3E-0DF2-494F-B5C7-04D872A28F0F}.Release Singlethreaded|Win32.Build.0 = Release|Win32
		{18556E3E-0DF2-494F-B5C7-04D872A28F0F}.Release_dbg|Win32.ActiveCfg = Release|Win32
		{18556E3E-0DF2-494F-B5C7-04D872A28F0F}.Release_dbg|Win32.Build.0 = Release|Win32
		{18556E3E-0DF2-494F-B5C7-04D872A28F0F}.Release|Win32.ActiveCfg = Release|Win32
		{18556E3E-0DF2-494F-B5C7-04D872A28F0F}.Release|Win32.Build.0 = Release|Win32
		{18556E3E-0DF2-494F-B5C7-04D872A28F0F}.ReleaseStatic|Win32.ActiveCfg = Release|Win32
		{18556E3E-0DF2-494F-B5C7-04D872A28F0F}.ReleaseStatic|Win32.Build.0 = Release|Win32
		{18556E3E-0DF2-494F-B5C7-04D872A28F0F}.ServerDebug|Win32.ActiveCfg = Debug|Win32
		{18556E3E-0DF2-494F-B5C7-04D872A28F0F}.ServerDebug|Win32.Build.0 = Debug|Win32
		{18556E3E-0DF2-494F-B5C7-04D872A28F0F}.ServerRelease|Win32.ActiveCfg = Release|Win32
		{18556E3E-0DF2-494F-B5C7-04D872A28F0F}.ServerRelease|Win32.Build.0 = Release|Win32
		{0304C040-6749-4F7E-BC63-481B7712C189}.ClientDebug|Win32.ActiveCfg = Debug|Win32
		{0304C040-6749-4F7E-BC63-481B7712C189}.ClientDebug|Win32.Build.0 = Debug|Win32
		{0304C040-6749-4F7E-BC63-481B7712C189}.ClientRelease|Win32.ActiveCfg = Release|Win32
		{0304C040-6749-4F7E-BC63-481B7712C189}.ClientRelease|Win32.Build.0 = Release|Win32
		{0304C040-6749-4F7E-BC63-481B7712C189}.Debug Multithreaded|Win32.ActiveCfg = Debug|Win32
		{0304C040-6749-4F7E-BC63-481B7712C189}.Debug Multithreaded|Win32.Build.0 = Debug|Win32
		{0304C040-6749-4F7E-BC63-481B7712C189}.Debug Singlethreaded|Win32.ActiveCfg = Debug|Win32
		{0304C040-6749-4F7E-BC63-481B7712C189}.Debug Singlethreaded|Win32.Build.0 = Debug|Win32
		{0304C040-6749-4F7E-BC63-481B7712C189}.Debug|Win32.ActiveCfg = Debug|Win32
		{0304C040-6749-4F7E-BC63-481B7712C189}.Debug|Win32.Build.0 = Debug|Win32
		{0304C040-6749-4F7E-BC63-481B7712C189}.DebugStatic|Win32.ActiveCfg = Debug|Win32
		{0304C040-6749-4F7E-BC63-481B7712C189}.DebugStatic|Win32.Build.0 = Debug|Win32
		{0304C040-6749-4F7E-BC63-481B7712C189}.Release Multithreaded|Win32.ActiveCfg = Release|Win32
		{0304C040-6749-4F7E-BC63-481B7712C189}.Release Multithreaded|Win32.Build.0 = Release|Win32
		{0304C040-6749-4F7E-BC63-481B7712C189}.Release Singlethreaded|Win32.ActiveCfg = Release|Win32
		{0304C040-6749-4F7E-BC63-481B7712C189}.Release Singlethreaded|Win32.Build.0 = Release|Win32
		{0304C040-6749-4F7E-BC63-481B7712C189}.Release_dbg|Win32.ActiveCfg = Release|Win32
		{0304C040-6749-4F7E-BC63-481B7712C189}.Release_dbg|Win32.Build.0 = Release|Win32
		{0304C040-6749-4F7E-BC63-481B7712C189}.Release|Win32.ActiveCfg = Release|Win32
		{0304C040-6749-4F7E-BC63-481B7712C189}.Release|Win32.Build.0 = Release|Win32
		{0304C040-6749-4F7E-BC63-481B7712C189}.ReleaseStatic|Win32.ActiveCfg = Release|Win32
		{0304C040-6749-4F7E-BC63-481B7712C189}.ReleaseStatic|Win32.Build.0 = Release|Win32
		{0304C040-6749-4F7E-BC63-481B7712C189}.ServerDebug|Win32.ActiveCfg = Debug|Win32
		{0304C040-6749-4F7E-BC63-481B7712C189}.ServerDebug|Win32.Build.0 = Debug|Win32
		{0304C040-6749-4F7E-BC63-481B7712C189}.ServerRelease|Win32.ActiveCfg = Release|Win32
		{0304C040-6749-4F7E-BC63-481B7712C189}.ServerRelease|Win32.Build.0 = Release|Win32
		{AEAF519F-74E3-4D37-B10C-BFD7E35C3576}.ClientDebug|Win32.ActiveCfg = Debug|Win32
		{AEAF519F-74E3-4D37-B10C-BFD7E35C3576}.ClientDebug|Win32.Build.0 = Debug|Win32
		{AEAF519F-74E3-4D37-B10C-BFD7E35C3576}.ClientRelease|Win32.ActiveCfg = Release|Win32
		{AEAF519F-74E3-4D37-B10C-BFD7E35C3576}.ClientRelease|Win32.Build.0 = Release|Win32
		{AEAF519F-74E3-4D37-B10C-BFD7E35C3576}.Debug Multithreaded|Win32.ActiveCfg = Debug|Win32
		{AEAF519F-74E3-4D37-B10C-BFD7E35C3576}.Debug Multithreaded|Win32.Build.0 = Debug|Win32
		{AEAF519F-74E3-4D37-B10C-BFD7E35C3576}.Debug Singlethreaded|Win32.ActiveCfg = Debug|Win32
		{AEAF519F-74E3-4D37-B10C-BFD7E35C3576}.Debug Singlethreaded|Win32.Build.0 = Debug|Win32
		{AEAF519F-74E3-4D37-B10C-BFD7E35C3576}.Debug|Win32.ActiveCfg = Debug|Win32
		{AEAF519F-74E3-4D37-B10C-BFD7E35C3576}.Debug|Win32.Build.0 = Debug|Win32
		{AEAF519F-74E3-4D37-B10C-BFD7E35C3576}.DebugStatic|Win32.ActiveCfg = Debug|Win32
		{AEAF519F-74E3-4D37-B10C-BFD7E35C3576}.DebugStatic|Win32.Build.0 = Debug|Win32
		{AEAF519F-74E3-4D37-B10C-BFD7E35C3576}.Release Multithreaded|Win32.ActiveCfg = Release|Win32
		{AEAF519F-74E3-4D37-B10C-BFD7E35C3576}.Release Multithreaded|Win32.Build.0 = Release|Win32
		{AEAF519F-74E3-4D37-B10C-BFD7E35C3576}.Release Singlethreaded|Win32.ActiveCfg = Release|Win32
		{AEAF519F-74E3-4D37-B10C-BFD7E35C3576}.Release Singlethreaded|Win32.Build.0 = Release|Win32
		{AEAF519F-74E3-4D37-B10C-BFD7E35C3576}.Release_dbg|Win32.ActiveCfg = Release|Win32
		{AEAF519F-74E3-4D37-B10C-BFD7E35C3576}.Release_dbg|Win32.Build.0 = Release|Win32
		{AEAF519F-74E3-4D37-B10C-BFD7E35C3576}.Release|Win32.ActiveCfg = Release|Win32
		{AEAF519F-74E3-4D37-B10C-BFD7E35C3576}.Release|Win32.Build.0 = Release|Win32
		{AEAF519F-74E3-4D37-B10C-BFD7E35C3576}.ReleaseStatic|Win32.ActiveCfg = Release|Win32
		{AEAF519F-74E3-4D37-B10C-BFD7E35C3576}.ReleaseStatic|Win32.Build.0 = Release|Win32
		{AEAF519F-74E3-4D37-B10C-BFD7E35C3576}.ServerDebug|Win32.ActiveCfg = Debug|Win32
		{AEAF519F-74E3-4D37-B10C-BFD7E35C3576}.ServerDebug|Win32.Build.0 = Debug|Win32
		{AEAF519F-74E3-4D37-B10C-BFD7E35C3576}.ServerRelease|Win32.ActiveCfg = Release|Win32
		{AEAF519F-74E3-4D37-B10C-BFD7E35C3576}.ServerRelease|Win32.Build.0 = Release|Win32
		{4372E9F0-755E-4B93-83C0-DFC1E3CF2B0C}.ClientDebug|Win32.ActiveCfg = Debug|Win32
		{4372E9F0-755E-4B93-83C0-DFC1E3CF2B0C}.ClientDebug|Win32.Build.0 = Debug|Win32
		{4372E9F0-755E-4B93-83C0-DFC1E3CF2B0C}.ClientRelease|Win32.ActiveCfg = Release|Win32
		{4372E9F0-755E-4B93-83C0-DFC1E3CF2B0C}.ClientRelease|Win32.Build.0 = Release|Win32
		{4372E9F0-755E-4B93-83C0-DFC1E3CF2B0C}.Debug Multithreaded|Win32.ActiveCfg = Debug|Win32
		{4372E9F0-755E-4B93-83C0-DFC1E3CF2B0C}.Debug Multithreaded|Win32.Build.0 = Debug|Win32
		{4372E9F0-755E-4B93-83C0-DFC1E3CF2B0C}.Debug Singlethreaded|Win32.ActiveCfg = Debug|Win32
		{4372E9F0-755E-4B93-83C0-DFC1E3CF2B0C}.Debug Singlethreaded|Win32.Build.0 = Debug|Win32
		{4372E9F0-755E-4B93-83C0-DFC1E3CF2B0C}.Debug|Win32.ActiveCfg = Debug|Win32
		{4372E9F0-755E-4B93-83C0-DFC1E3CF2B0C}.Debug|Win32.Build.0 = Debug|Win32
		{4372E9F0-755E-4B93-83C0-DFC1E3CF2B0C}.DebugStatic|Win32.ActiveCfg = Debug|Win32
		{4372E9F0-755E-4B93-83C0-DFC1E3CF2B0C}.DebugStatic|Win32.Build.0 = Debug|Win32
		{4372E9F0-755E-4B93-83C0-DFC1E3CF2B0C}.Release Multithreaded|Win32.ActiveCfg = Release|Win32
		{4372E9F0-755E-4B93-83C0-DFC1E3CF2B0C}.Release Multithreaded|Win32.Build.0 = Release|Win32
		{4372E9F0-755E-4B93-83C0-DFC1E3CF2B0C}.Release Singlethreaded|Win32.ActiveCfg = Release|Win32
		{4372E9F0-755E-4B93-83C0-DFC1E3CF2B0C}.Release Singlethreaded|Win32.Build.0 = Release|Win32
		{4372E9F0-755E-4B93-83C0-DFC1E3CF2B0C}.Release_dbg|Win32.ActiveCfg = Release|Win32
		{4372E9F0-755E-4B93-83C0-DFC1E3CF2B0C}.Release_dbg|Win32.Build.0 = Release|Win32
		{4372E9F0-755E-4B93-83C0-DFC1E3CF2B0C}.Release|Win32.ActiveCfg = Release|Win32
		{4372E9F0-755E-4B93-83C0-DFC1E3CF2B0C}.Release|Win32.Build.0 = Release|Win32
		{4372E9F0-755E-4B93-83C0-DFC1E3CF2B0C}.ReleaseStatic|Win32.ActiveCfg = Release|Win32
		{4372E9F0-755E-4B93-83C0-DFC1E3CF2B0C}.ReleaseStatic|Win32.Build.0 = Release|Win32
		{4372E9F0-755E-4B93-83C0-DFC1E3CF2B0C}.ServerDebug|Win32.ActiveCfg = Debug|Win32
		{4372E9F0-755E-4B93-83C0-DFC1E3CF2B0C}.ServerDebug|Win32.Build.0 = Debug|Win32
		{4372E9F0-755E-4B93-83C0-DFC1E3CF2B0C}.ServerRelease|Win32.ActiveCfg = Release|Win32
		{4372E9F0-755E-4B93-83C0-DFC1E3CF2B0C}.ServerRelease|Win32.Build.0 = Release|Win32
		{BB71065A-B9BD-40C6-AA38-9A7CD65E6268}.ClientDebug|Win32.ActiveCfg = Debug|Win32
		{BB71065A-B9BD-40C6-AA38-9A7CD65E6268}.ClientDebug|Win32.Build.0 = Debug|Win32
		{BB71065A-B9BD-40C6-AA38-9A7CD65E6268}.ClientRelease|Win32.ActiveCfg = Release|Win32
		{BB71065A-B9BD-40C6-AA38-9A7CD65E6268}.ClientRelease|Win32.Build.0 = Release|Win32
		{BB71065A-B9BD-40C6-AA38-9A7CD65E6268}.Debug Multithreaded|Win32.ActiveCfg = Debug|Win32
		{BB71065A-B9BD-40C6-AA38-9A7CD65E6268}.Debug Multithreaded|Win32.Build.0 = Debug|Win32
		{BB71065A-B9BD-40C6-AA38-9A7CD65E6268}.Debug Singlethreaded|Win32.ActiveCfg = Debug|Win32
		{BB71065A-B9BD-40C6-AA38-9A7CD65E6268}.Debug Singlethreaded|Win32.Build.0 = Debug|Win32
		{BB71065A-B9BD-40C6-AA38-9A7CD65E6268}.Debug|Win32.ActiveCfg = Debug|Win32
		{BB71065A-B9BD-40C6-AA38-9A7CD65E6268}.Debug|Win32.Build.0 = Debug|Win32
		{BB71065A-B9BD-40C6-AA38-9A7CD65E6268}.DebugStatic|Win32.ActiveCfg = Debug|Win32
		{BB71065A-B9BD-40C6-AA38-9A7CD65E6268}.DebugStatic|Win32.Build.0 = Debug|Win32
		{BB71065A-B9BD-40C6-AA38-9A7CD65E6268}.Release Multithreaded|Win32.ActiveCfg = Release|Win32
		{BB71065A-B9BD-40C6-AA38-9A7CD65E6268}.Release Multithreaded|Win32.Build.0 = Release|Win32
		{BB71065A-B9BD-40C6-AA38-9A7CD65E6268}.Release Singlethreaded|Win32.ActiveCfg = Release|Win32
		{BB71065A-B9BD-40C6-AA38-9A7CD65E6268}.Release Singlethreaded|Win32.Build.0 = Release|Win32
		{BB71065A-B9BD-40C6-AA38-9A7CD65E6268}.Release_dbg|Win32.ActiveCfg = Release|Win32
		{BB71065A-B9BD-40C6-AA38-9A7CD65E6268}.Release_dbg|Win32.Build.0 = Release|Win32
		{BB71065A-B9BD-40C6-AA38-9A7CD65E6268}.Release|Win32.ActiveCfg = Release|Win32
		{BB71065A-B9BD-40C6-AA38-9A7CD65E6268}.Release|Win32.Build.0 = Release|Win32
		{BB71065A-B9BD-40C6-AA38-9A7CD65E6268}.ReleaseStatic|Win32.ActiveCfg = Release|Win32
		{BB71065A-B9BD-40C6-AA38-9A7CD65E6268}.ReleaseStatic|Win32.Build.0 = Release|Win32
		{BB71065A-B9BD-40C6-AA38-9A7CD65E6268}.ServerDebug|Win32.ActiveCfg = Debug|Win32
		{BB71065A-B9BD-40C6-AA38-9A7CD65E6268}.ServerDebug|Win32.Build.0 = Debug|Win32
		{BB71065A-B9BD-40C6-AA38-9A7CD65E6268}.ServerRelease|Win32.ActiveCfg = Release|Win32
		{BB71065A-B9BD-40C6-AA38-9A7CD65E6268}.ServerRelease|Win32.Build.0 = Release|Win32
		{23F2AAE6-8DC6-401A-97F5-920E7212A439}.ClientDebug|Win32.ActiveCfg = Debug|Win32
		{23F2AAE6-8DC6-401A-97F5-920E7212A439}.ClientDebug|Win32.Build.0 = Debug|Win32
		{23F2AAE6-8DC6-401A-97F5-920E7212A439}.ClientRelease|Win32.ActiveCfg = Release|Win32
		{23F2AAE6-8DC6-401A-97F5-920E7212A439}.ClientRelease|Win32.Build.0 = Release|Win32
		{23F2AAE6-8DC6-401A-97F5-920E7212A439}.Debug Multithreaded|Win32.ActiveCfg = Debug|Win32
		{23F2AAE6-8DC6-401A-97F5-920E7212A439}.Debug Multithreaded|Win32.Build.0 = Debug|Win32
		{23F2AAE6-8DC6-401A-97F5-920E7212A439}.Debug Singlethreaded|Win32.ActiveCfg = Debug|Win32
		{23F2AAE6-8DC6-401A-97F5-920E7212A439}.Debug Singlethreaded|Win32.Build.0 = Debug|Win32
		{23F2AAE6-8DC6-401A-97F5-920E7212A439}.Debug|Win32.ActiveCfg = Debug|Win32
		{23F2AAE6-8DC6-401A-97F5-920E7212A439}.Debug|Win32.Build.0 = Debug|Win32
		{23F2AAE6-8DC6-401A-97F5-920E7212A439}.DebugStatic|Win32.ActiveCfg = Debug|Win32
		{23F2AAE6-8DC6-401A-97F5-920E7212A439}.DebugStatic|Win32.Build.0 = Debug|Win32
		{23F2AAE6-8DC6-401A-97F5-920E7212A439}.Release Multithreaded|Win32.ActiveCfg = Release|Win32
		{23F2AAE6-8DC6-401A-97F5-920E7212A439}.Release Multithreaded|Win32.Build.0 = Release|Win32
		{23F2AAE6-8DC6-401A-97F5-920E7212A439}.Release Singlethreaded|Win32.ActiveCfg = Release|Win32
		{23F2AAE6-8DC6-401A-97F5-920E7212A439}.Release Singlethreaded|Win32.Build.0 = Release|Win32
		{23F2AAE6-8DC6-401A-97F5-920E7212A439}.Release_dbg|Win32.ActiveCfg = Release|Win32
		{23F2AAE6-8DC6-401A-97F5-920E7212A439}.Release_dbg|Win32.Build.0 = Release|Win32
		{23F2AAE6-8DC6-401A-97F5-920E7212A439}.Release|Win32.ActiveCfg = Release|Win32
		{23F2AAE6-8DC6-401A-97F5-920E7212A439}.Release|Win32.Build.0 = Release|Win32
		{23F2AAE6-8DC6-401A-97F5-920E7212A439}.ReleaseStatic|Win32.ActiveCfg = Release|Win32
		{23F2AAE6-8DC6-401A-97F5-920E7212A439}.ReleaseStatic|Win32.Build.0 = Release|Win32
		{23F2AAE6-8DC6-401A-97F5-920E7212A439}.ServerDebug|Win32.ActiveCfg = Debug|Win32
		{23F2AAE6-8DC6-401A-97F5-920E7212A439}.ServerDebug|Win32.Build.0 = Debug|Win32
		{23F2AAE6-8DC6-401A-97F5-920E7212A439}.ServerRelease|Win32.ActiveCfg = Release|Win32
		{23F2AAE6-8DC6-401A-97F5-920E7212A439}.ServerRelease|Win32.Build.0 = Release|Win32
		{389B0079-DB72-4006-A588-CD08AE95F941}.ClientDebug|Win32.ActiveCfg = Debug|Win32
		{389B0079-DB72-4006-A588-CD08AE95F941}.ClientDebug|Win32.Build.0 = Debug|Win32
		{389B0079-DB72-4006-A588-CD08AE95F941}.ClientRelease|Win32.ActiveCfg = Release|Win32
		{389B0079-DB72-4006-A588-CD08AE95F941}.ClientRelease|Win32.Build.0 = Release|Win32
		{389B0079-DB72-4006-A588-CD08AE95F941}.Debug Multithreaded|Win32.ActiveCfg = Debug|Win32
		{389B0079-DB72-4006-A588-CD08AE95F941}.Debug Multithreaded|Win32.Build.0 = Debug|Win32
		{389B0079-DB72-4006-A588-CD08AE95F941}.Debug Singlethreaded|Win32.ActiveCfg = Debug|Win32
		{389B0079-DB72-4006-A588-CD08AE95F941}.Debug Singlethreaded|Win32.Build.0 = Debug|Win32
		{389B0079-DB72-4006-A588-CD08AE95F941}.Debug|Win32.ActiveCfg = Debug|Win32
		{389B0079-DB72-4006-A588-CD08AE95F941}.Debug|Win32.Build.0 = Debug|Win32
		{389B0079-DB72-4006-A588-CD08AE95F941}.DebugStatic|Win32.ActiveCfg = Debug|Win32
		{389B0079-DB72-4006-A588-CD08AE95F941}.DebugStatic|Win32.Build.0 = Debug|Win32
		{389B0079-DB72-4006-A588-CD08AE95F941}.Release Multithreaded|Win32.ActiveCfg = Release|Win32
		{389B0079-DB72-4006-A588-CD08AE95F941}.Release Multithreaded|Win32.Build.0 = Release|Win32
		{389B0079-DB72-4006-A588-CD08AE95F941}.Release Singlethreaded|Win32.ActiveCfg = Release|Win32
		{389B0079-DB72-4006-A588-CD08AE95F941}.Release Singlethreaded|Win32.Build.0 = Release|Win32
		{389B0079-DB72-4006-A588-CD08AE95F941}.Release_dbg|Win32.ActiveCfg = Release|Win32
		{389B0079-DB72-4006-A588-CD08AE95F941}.Release_dbg|Win32.Build.0 = Release|Win32
		{389B0079-DB72-4006-A588-CD08AE95F941}.Release|Win32.ActiveCfg = Release|Win32
		{389B0079-DB72-4006-A588-CD08AE95F941}.Release|Win32.Build.0 = Release|Win32
		{389B0079-DB72-4006-A588-CD08AE95F941}.ReleaseStatic|Win32.ActiveCfg = Release|Win32
		{389B0079-DB72-4006-A588-CD08AE95F941}.ReleaseStatic|Win32.Build.0 = Release|Win32
		{389B0079-DB72-4006-A588-CD08AE95F941}.ServerDebug|Win32.ActiveCfg = Debug|Win32
		{389B0079-DB72-4006-A588-CD08AE95F941}.ServerDebug|Win32.Build.0 = Debug|Win32
		{389B0079-DB72-4006-A588-CD08AE95F941}.ServerRelease|Win32.ActiveCfg = Release|Win32
		{389B0079-DB72-4006-A588-CD08AE95F941}.ServerRelease|Win32.Build.0 = Release|Win32
		{6BE0DD6A-ACD9-400F-88DB-7C80AE90A9BC}.ClientDebug|Win32.ActiveCfg = Debug|Win32
		{6BE0DD6A-ACD9-400F-88DB-7C80AE90A9BC}.ClientDebug|Win32.Build.0 = Debug|Win32
		{6BE0DD6A-ACD9-400F-88DB-7C80AE90A9BC}.ClientRelease|Win32.ActiveCfg = Release|Win32
		{6BE0DD6A-ACD9-400F-88DB-7C80AE90A9BC}.ClientRelease|Win32.Build.0 = Release|Win32
		{6BE0DD6A-ACD9-400F-88DB-7C80AE90A9BC}.Debug Multithreaded|Win32.ActiveCfg = Debug|Win32
		{6BE0DD6A-ACD9-400F-88DB-7C80AE90A9BC}.Debug Multithreaded|Win32.Build.0 = Debug|Win32
		{6BE0DD6A-ACD9-400F-88DB-7C80AE90A9BC}.Debug Singlethreaded|Win32.ActiveCfg = Debug|Win32
		{6BE0DD6A-ACD9-400F-88DB-7C80AE90A9BC}.Debug Singlethreaded|Win32.Build.0 = Debug|Win32
		{6BE0DD6A-ACD9-400F-88DB-7C80AE90A9BC}.Debug|Win32.ActiveCfg = Debug|Win32
		{6BE0DD6A-ACD9-400F-88DB-7C80AE90A9BC}.Debug|Win32.Build.0 = Debug|Win32
		{6BE0DD6A-ACD9-400F-88DB-7C80AE90A9BC}.DebugStatic|Win32.ActiveCfg = Debug|Win32
		{6BE0DD6A-ACD9-400F-88DB-7C80AE90A9BC}.DebugStatic|Win32.Build.0 = Debug|Win32
		{6BE0DD6A-ACD9-400F-88DB-7C80AE90A9BC}.Release Multithreaded|Win32.ActiveCfg = Release|Win32
		{6BE0DD6A-ACD9-400F-88DB-7C80AE90A9BC}.Release Multithreaded|Win32.Build.0 = Release|Win32
		{6BE0DD6A-ACD9-400F-88DB-7C80AE90A9BC}.Release Singlethreaded|Win32.ActiveCfg = Release|Win32
		{6BE0DD6A-ACD9-400F-88DB-7C80AE90A9BC}.Release Singlethreaded|Win32.Build.0 = Release|Win32
		{6BE0DD6A-ACD9-400F-88DB-7C80AE90A9BC}.Release_dbg|Win32.ActiveCfg = Release|Win32
		{6BE0DD6A-ACD9-400F-88DB-7C80AE90A9BC}.Release_dbg|Win32.Build.0 = Release|Win32
		{6BE0DD6A-ACD9-400F-88DB-7C80AE90A9BC}.Release|Win32.ActiveCfg = Release|Win32
		{6BE0DD6A-ACD9-400F-88DB-7C80AE90A9BC}.Release|Win32.Build.0 = Release|Win32
		{6BE0DD6A-ACD9-400F-88DB-7C80AE90A9BC}.ReleaseStatic|Win32.ActiveCfg = Release|Win32
		{6BE0DD6A-ACD9-400F-88DB-7C80AE90A9BC}.ReleaseStatic|Win32.Build.0 = Release|Win32
		{6BE0DD6A-ACD9-400F-88DB-7C80AE90A9BC}.ServerDebug|Win32.ActiveCfg = Debug|Win32
		{6BE0DD6A-ACD9-400F-88DB-7C80AE90A9BC}.ServerDebug|Win32.Build.0 = Debug|Win32
		{6BE0DD6A-ACD9-400F-88DB-7C80AE90A9BC}.ServerRelease|Win32.ActiveCfg = Release|Win32
		{6BE0DD6A-ACD9-400F-88DB-7C80AE90A9BC}.ServerRelease|Win32.Build.0 = Release|Win32
		{E86E91FA-3DC4-411D-9A07-65ADBD35D202}.ClientDebug|Win32.ActiveCfg = Debug|Win32
		{E86E91FA-3DC4-411D-9A07-65ADBD35D202}.ClientDebug|Win32.Build.0 = Debug|Win32
		{E86E91FA-3DC4-411D-9A07-65ADBD35D202}.ClientRelease|Win32.ActiveCfg = Release|Win32
		{E86E91FA-3DC4-411D-9A07-65ADBD35D202}.ClientRelease|Win32.Build.0 = Release|Win32
		{E86E91FA-3DC4-411D-9A07-65ADBD35D202}.Debug Multithreaded|Win32.ActiveCfg = Debug|Win32
		{E86E91FA-3DC4-411D-9A07-65ADBD35D202}.Debug Multithreaded|Win32.Build.0 = Debug|Win32
		{E86E91FA-3DC4-411D-9A07-65ADBD35D202}.Debug Singlethreaded|Win32.ActiveCfg = Debug|Win32
		{E86E91FA-3DC4-411D-9A07-65ADBD35D202}.Debug Singlethreaded|Win32.Build.0 = Debug|Win32
		{E86E91FA-3DC4-411D-9A07-65ADBD35D202}.Debug|Win32.ActiveCfg = Debug|Win32
		{E86E91FA-3DC4-411D-9A07-65ADBD35D202}.Debug|Win32.Build.0 = Debug|Win32
		{E86E91FA-3DC4-411D-9A07-65ADBD35D202}.DebugStatic|Win32.ActiveCfg = Debug|Win32
		{E86E91FA-3DC4-411D-9A07-65ADBD35D202}.DebugStatic|Win32.Build.0 = Debug|Win32
		{E86E91FA-3DC4-411D-9A07-65ADBD35D202}.Release Multithreaded|Win32.ActiveCfg = Release|Win32
		{E86E91FA-3DC4-411D-9A07-65ADBD35D202}.Release Multithreaded|Win32.Build.0 = Release|Win32
		{E86E91FA-3DC4-411D-9A07-65ADBD35D202}.Release Singlethreaded|Win32.ActiveCfg = Release|Win32
		{E86E91FA-3DC4-411D-9A07-65ADBD35D202}.Release Singlethreaded|Win32.Build.0 = Release|Win32
		{E86E91FA-3DC4-411D-9A07-65ADBD35D202}.Release_dbg|Win32.ActiveCfg = Release|Win32
		{E86E91FA-3DC4-411D-9A07-65ADBD35D202}.Release_dbg|Win32.Build.0 = Release|Win32
		{E86E91FA-3DC4-411D-9A07-65ADBD35D202}.Release|Win32.ActiveCfg = Release|Win32
		{E86E91FA-3DC4-411D-9A07-65ADBD35D202}.Release|Win32.Build.0 = Release|Win32
		{E86E91FA-3DC4-411D-9A07-65ADBD35D202}.ReleaseStatic|Win32.ActiveCfg = Release|Win32
		{E86E91FA-3DC4-411D-9A07-65ADBD35D202}.ReleaseStatic|Win32.Build.0 = Release|Win32
		{E86E91FA-3DC4-411D-9A07-65ADBD35D202}.ServerDebug|Win32.ActiveCfg = Debug|Win32
		{E86E91FA-3DC4-411D-9A07-65ADBD35D202}.ServerDebug|Win32.Build.0 = Debug|Win32
		{E86E91FA-3DC4-411D-9A07-65ADBD35D202}.ServerRelease|Win32.ActiveCfg = Release|Win32
		{E86E91FA-3DC4-411D-9A07-65ADBD35D202}.ServerRelease|Win32.Build.0 = Release|Win32
		{FDADC8B4-5AC7-48F1-B916-6FD71C76C485}.ClientDebug|Win32.ActiveCfg = Debug|Win32
		{FDADC8B4-5AC7-48F1-B916-6FD71C76C485}.ClientDebug|Win32.Build.0 = Debug|Win32
		{FDADC8B4-5AC7-48F1-B916-6FD71C76C485}.ClientRelease|Win32.ActiveCfg = Release|Win32
		{FDADC8B4-5AC7-48F1-B916-6FD71C76C485}.ClientRelease|Win32.Build.0 = Release|Win32
		{FDADC8B4-5AC7-48F1-B916-6FD71C76C485}.Debug Multithreaded|Win32.ActiveCfg = Debug|Win32
		{FDADC8B4-5AC7-48F1-B916-6FD71C76C485}.Debug Multithreaded|Win32.Build.0 = Debug|Win32
		{FDADC8B4-5AC7-48F1-B916-6FD71C76C485}.Debug Singlethreaded|Win32.ActiveCfg = Debug|Win32
		{FDADC8B4-5AC7-48F1-B916-6FD71C76C485}.Debug Singlethreaded|Win32.Build.0 = Debug|Win32
		{FDADC8B4-5AC7-48F1-B916-6FD71C76C485}.Debug|Win32.ActiveCfg = Debug|Win32
		{FDADC8B4-5AC7-48F1-B916-6FD71C76C485}.Debug|Win32.Build.0 = Debug|Win32
		{FDADC8B4-5AC7-48F1-B916-6FD71C76C485}.DebugStatic|Win32.ActiveCfg = Debug|Win32
		{FDADC8B4-5AC7-48F1-B916-6FD71C76C485}.DebugStatic|Win32.Build.0 = Debug|Win32
		{FDADC8B4-5AC7-48F1-B916-6FD71C76C485}.Release Multithreaded|Win32.ActiveCfg = Release|Win32
		{FDADC8B4-5AC7-48F1-B916-6FD71C76C485}.Release Multithreaded|Win32.Build.0 = Release|Win32
		{FDADC8B4-5AC7-48F1-B916-6FD71C76C485}.Release Singlethreaded|Win32.ActiveCfg = Release|Win32
		{FDADC8B4-5AC7-48F1-B916-6FD71C76C485}.Release Singlethreaded|Win32.Build.0 = Release|Win32
		{FDADC8B4-5AC7-48F1-B916-6FD71C76C485}.Release_dbg|Win32.ActiveCfg = Release|Win32
		{FDADC8B4-5AC7-48F1-B916-6FD71C76C485}.Release_dbg|Win32.Build.0 = Release|Win32
		{FDADC8B4-5AC7-48F1-B916-6FD71C76C485}.Release|Win32.ActiveCfg = Release|Win32
		{FDADC8B4-5AC7-48F1-B916-6FD71C76C485}.Release|Win32.Build.0 = Release|Win32
		{FDADC8B4-5AC7-48F1-B916-6FD71C76C485}.ReleaseStatic|Win32.ActiveCfg = Release|Win32
		{FDADC8B4-5AC7-48F1-B916-6FD71C76C485}.ReleaseStatic|Win32.Build.0 = Release|Win32
		{FDADC8B4-5AC7-48F1-B916-6FD71C76C485}.ServerDebug|Win32.ActiveCfg = Debug|Win32
		{FDADC8B4-5AC7-48F1-B916-6FD71C76C485}.ServerDebug|Win32.Build.0 = Debug|Win32
		{FDADC8B4-5AC7-48F1-B916-6FD71C76C485}.ServerRelease|Win32.ActiveCfg = Release|Win32
		{FDADC8B4-5AC7-48F1-B916-6FD71C76C485}.ServerRelease|Win32.Build.0 = Release|Win32
		{863D57D5-73F8-41F4-B315-B4A801F84728}.ClientDebug|Win32.ActiveCfg = Debug|Win32
		{863D57D5-73F8-41F4-B315-B4A801F84728}.ClientDebug|Win32.Build.0 = Debug|Win32
		{863D57D5-73F8-41F4-B315-B4A801F84728}.ClientRelease|Win32.ActiveCfg = Release|Win32
		{863D57D5-73F8-41F4-B315-B4A801F84728}.ClientRelease|Win32.Build.0 = Release|Win32
		{863D57D5-73F8-41F4-B315-B4A801F84728}.Debug Multithreaded|Win32.ActiveCfg = Debug|Win32
		{863D57D5-73F8-41F4-B315-B4A801F84728}.Debug Multithreaded|Win32.Build.0 = Debug|Win32
		{863D57D5-73F8-41F4-B315-B4A801F84728}.Debug Singlethreaded|Win32.ActiveCfg = Debug|Win32
		{863D57D5-73F8-41F4-B315-B4A801F84728}.Debug Singlethreaded|Win32.Build.0 = Debug|Win32
		{863D57D5-73F8-41F4-B315-B4A801F84728}.Debug|Win32.ActiveCfg = Debug|Win32
		{863D57D5-73F8-41F4-B315-B4A801F84728}.Debug|Win32.Build.0 = Debug|Win32
		{863D57D5-73F8-41F4-B315-B4A801F84728}.DebugStatic|Win32.ActiveCfg = Debug|Win32
		{863D57D5-73F8-41F4-B315-B4A801F84728}.DebugStatic|Win32.Build.0 = Debug|Win32
		{863D57D5-73F8-41F4-B315-B4A801F84728}.Release Multithreaded|Win32.ActiveCfg = Release|Win32
		{863D57D5-73F8-41F4-B315-B4A801F84728}.Release Multithreaded|Win32.Build.0 = Release|Win32
		{863D57D5-73F8-41F4-B315-B4A801F84728}.Release Singlethreaded|Win32.ActiveCfg = Release|Win32
		{863D57D5-73F8-41F4-B315-B4A801F84728}.Release Singlethreaded|Win32.Build.0 = Release|Win32
		{863D57D5-73F8-41F4-B315-B4A801F84728}.Release_dbg|Win32.ActiveCfg = Release|Win32
		{863D57D5-73F8-41F4-B315-B4A801F84728}.Release_dbg|Win32.Build.0 = Release|Win32
		{863D57D5-73F8-41F4-B315-B4A801F84728}.Release|Win32.ActiveCfg = Release|Win32
		{863D57D5-73F8-41F4-B315-B4A801F84728}.Release|Win32.Build.0 = Release|Win32
		{863D57D5-73F8-41F4-B315-B4A801F84728}.ReleaseStatic|Win32.ActiveCfg = Release|Win32
		{863D57D5-73F8-41F4-B315-B4A801F84728}.ReleaseStatic|Win32.Build.0 = Release|Win32
		{863D57D5-73F8-41F4-B315-B4A801F84728}.ServerDebug|Win32.ActiveCfg = Debug|Win32
		{863D57D5-73F8-41F4-B315-B4A801F84728}.ServerDebug|Win32.Build.0 = Debug|Win32
		{863D57D5-73F8-41F4-B315-B4A801F84728}.ServerRelease|Win32.ActiveCfg = Release|Win32
		{863D57D5-73F8-41F4-B315-B4A801F84728}.ServerRelease|Win32.Build.0 = Release|Win32
		{9338C840-5F53-4D5C-846A-E3BEE9528D71}.ClientDebug|Win32.ActiveCfg = Debug|Win32
		{9338C840-5F53-4D5C-846A-E3BEE9528D71}.ClientDebug|Win32.Build.0 = Debug|Win32
		{9338C840-5F53-4D5C-846A-E3BEE9528D71}.ClientRelease|Win32.ActiveCfg = Release|Win32
		{9338C840-5F53-4D5C-846A-E3BEE9528D71}.ClientRelease|Win32.Build.0 = Release|Win32
		{9338C840-5F53-4D5C-846A-E3BEE9528D71}.Debug Multithreaded|Win32.ActiveCfg = Debug|Win32
		{9338C840-5F53-4D5C-846A-E3BEE9528D71}.Debug Multithreaded|Win32.Build.0 = Debug|Win32
		{9338C840-5F53-4D5C-846A-E3BEE9528D71}.Debug Singlethreaded|Win32.ActiveCfg = Debug|Win32
		{9338C840-5F53-4D5C-846A-E3BEE9528D71}.Debug Singlethreaded|Win32.Build.0 = Debug|Win32
		{9338C840-5F53-4D5C-846A-E3BEE9528D71}.Debug|Win32.ActiveCfg = Debug|Win32
		{9338C840-5F53-4D5C-846A-E3BEE9528D71}.Debug|Win32.Build.0 = Debug|Win32
		{9338C840-5F53-4D5C-846A-E3BEE9528D71}.DebugStatic|Win32.ActiveCfg = Debug|Win32
		{9338C840-5F53-4D5C-846A-E3BEE9528D71}.DebugStatic|Win32.Build.0 = Debug|Win32
		{9338C840-5F53-4D5C-846A-E3BEE9528D71}.Release Multithreaded|Win32.ActiveCfg = Release|Win32
		{9338C840-5F53-4D5C-846A-E3BEE9528D71}.Release Multithreaded|Win32.Build.0 = Release|Win32
		{9338C840-5F53-4D5C-846A-E3BEE9528D71}.Release Singlethreaded|Win32.ActiveCfg = Release|Win32
		{9338C840-5F53-4D5C-846A-E3BEE9528D71}.Release Singlethreaded|Win32.Build.0 = Release|Win32
		{9338C840-5F53-4D5C-846A-E3BEE9528D71}.Release_dbg|Win32.ActiveCfg = Release|Win32
		{9338C840-5F53-4D5C-846A-E3BEE9528D71}.Release_dbg|Win32.Build.0 = Release|Win32
		{9338C840-5F53-4D5C-846A-E3BEE9528D71}.Release|Win32.ActiveCfg = Release|Win32
		{9338C840-5F53-4D5C-846A-E3BEE9528D71}.Release|Win32.Build.0 = Release|Win32
		{9338C840-5F53-4D5C-846A-E3BEE9528D71}.ReleaseStatic|Win32.ActiveCfg = Release|Win32
		{9338C840-5F53-4D5C-846A-E3BEE9528D71}.ReleaseStatic|Win32.Build.0 = Release|Win32
		{9338C840-5F53-4D5C-846A-E3BEE9528D71}.ServerDebug|Win32.ActiveCfg = Debug|Win32
		{9338C840-5F53-4D5C-846A-E3BEE9528D71}.ServerDebug|Win32.Build.0 = Debug|Win32
		{9338C840-5F53-4D5C-846A-E3BEE9528D71}.ServerRelease|Win32.ActiveCfg = Release|Win32
		{9338C840-5F53-4D5C-846A-E3BEE9528D71}.ServerRelease|Win32.Build.0 = Release|Win32
		{2A0B7C75-4F55-496E-A43B-19EEB99314AD}.ClientDebug|Win32.ActiveCfg = Debug|Win32
		{2A0B7C75-4F55-496E-A43B-19EEB99314AD}.ClientDebug|Win32.Build.0 = Debug|Win32
		{2A0B7C75-4F55-496E-A43B-19EEB99314AD}.ClientRelease|Win32.ActiveCfg = Release|Win32
		{2A0B7C75-4F55-496E-A43B-19EEB99314AD}.ClientRelease|Win32.Build.0 = Release|Win32
		{2A0B7C75-4F55-496E-A43B-19EEB99314AD}.Debug Multithreaded|Win32.ActiveCfg = Debug|Win32
		{2A0B7C75-4F55-496E-A43B-19EEB99314AD}.Debug Multithreaded|Win32.Build.0 = Debug|Win32
		{2A0B7C75-4F55-496E-A43B-19EEB99314AD}.Debug Singlethreaded|Win32.ActiveCfg = Debug|Win32
		{2A0B7C75-4F55-496E-A43B-19EEB99314AD}.Debug Singlethreaded|Win32.Build.0 = Debug|Win32
		{2A0B7C75-4F55-496E-A43B-19EEB99314AD}.Debug|Win32.ActiveCfg = Debug|Win32
		{2A0B7C75-4F55-496E-A43B-19EEB99314AD}.Debug|Win32.Build.0 = Debug|Win32
		{2A0B7C75-4F55-496E-A43B-19EEB99314AD}.DebugStatic|Win32.ActiveCfg = Debug|Win32
		{2A0B7C75-4F55-496E-A43B-19EEB99314AD}.DebugStatic|Win32.Build.0 = Debug|Win32
		{2A0B7C75-4F55-496E-A43B-19EEB99314AD}.Release Multithreaded|Win32.ActiveCfg = Release|Win32
		{2A0B7C75-4F55-496E-A43B-19EEB99314AD}.Release Multithreaded|Win32.Build.0 = Release|Win32
		{2A0B7C75-4F55-496E-A43B-19EEB99314AD}.Release Singlethreaded|Win32.ActiveCfg = Release|Win32
		{2A0B7C75-4F55-496E-A43B-19EEB99314AD}.Release Singlethreaded|Win32.Build.0 = Release|Win32
		{2A0B7C75-4F55-496E-A43B-19EEB99314AD}.Release_dbg|Win32.ActiveCfg = Release|Win32
		{2A0B7C75-4F55-496E-A43B-19EEB99314AD}.Release_dbg|Win32.Build.0 = Release|Win32
		{2A0B7C75-4F55-496E-A43B-19EEB99314AD}.Release|Win32.ActiveCfg = Release|Win32
		{2A0B7C75-4F55-496E-A43B-19EEB99314AD}.Release|Win32.Build.0 = Release|Win32
		{2A0B7C75-4F55-496E-A43B-19EEB99314AD}.ReleaseStatic|Win32.ActiveCfg = Release|Win32
		{2A0B7C75-4F55-496E-A43B-19EEB99314AD}.ReleaseStatic|Win32.Build.0 = Release|Win32
		{2A0B7C75-4F55-496E-A43B-19EEB99314AD}.ServerDebug|Win32.ActiveCfg = Debug|Win32
		{2A0B7C75-4F55-496E-A43B-19EEB99314AD}.ServerDebug|Win32.Build.0 = Debug|Win32
		{2A0B7C75-4F55-496E-A43B-19EEB99314AD}.ServerRelease|Win32.ActiveCfg = Release|Win32
		{2A0B7C75-4F55-496E-A43B-19EEB99314AD}.ServerRelease|Win32.Build.0 = Release|Win32
		{CF1B06E7-6200-4EE6-AAE0-7D3D3C9E9353}.ClientDebug|Win32.ActiveCfg = Debug|Win32
		{CF1B06E7-6200-4EE6-AAE0-7D3D3C9E9353}.ClientDebug|Win32.Build.0 = Debug|Win32
		{CF1B06E7-6200-4EE6-AAE0-7D3D3C9E9353}.ClientRelease|Win32.ActiveCfg = Release|Win32
		{CF1B06E7-6200-4EE6-AAE0-7D3D3C9E9353}.ClientRelease|Win32.Build.0 = Release|Win32
		{CF1B06E7-6200-4EE6-AAE0-7D3D3C9E9353}.Debug Multithreaded|Win32.ActiveCfg = Debug|Win32
		{CF1B06E7-6200-4EE6-AAE0-7D3D3C9E9353}.Debug Multithreaded|Win32.Build.0 = Debug|Win32
		{CF1B06E7-6200-4EE6-AAE0-7D3D3C9E9353}.Debug Singlethreaded|Win32.ActiveCfg = Debug|Win32
		{CF1B06E7-6200-4EE6-AAE0-7D3D3C9E9353}.Debug Singlethreaded|Win32.Build.0 = Debug|Win32
		{CF1B06E7-6200-4EE6-AAE0-7D3D3C9E9353}.Debug|Win32.ActiveCfg = Debug|Win32
		{CF1B06E7-6200-4EE6-AAE0-7D3D3C9E9353}.Debug|Win32.Build.0 = Debug|Win32
		{CF1B06E7-6200-4EE6-AAE0-7D3D3C9E9353}.DebugStatic|Win32.ActiveCfg = Debug|Win32
		{CF1B06E7-6200-4EE6-AAE0-7D3D3C9E9353}.DebugStatic|Win32.Build.0 = Debug|Win32
		{CF1B06E7-6200-4EE6-AAE0-7D3D3C9E9353}.Release Multithreaded|Win32.ActiveCfg = Release|Win32
		{CF1B06E7-6200-4EE6-AAE0-7D3D3C9E9353}.Release Multithreaded|Win32.Build.0 = Release|Win32
		{CF1B06E7-6200-4EE6-AAE0-7D3D3C9E9353}.Release Singlethreaded|Win32.ActiveCfg = Release|Win32
		{CF1B06E7-6200-4EE6-AAE0-7D3D3C9E9353}.Release Singlethreaded|Win32.Build.0 = Release|Win32
		{CF1B06E7-6200-4EE6-AAE0-7D3D3C9E9353}.Release_dbg|Win32.ActiveCfg = Release|Win32
		{CF1B06E7-6200-4EE6-AAE0-7D3D3C9E9353}.Release_dbg|Win32.Build.0 = Release|Win32
		{CF1B06E7-6200-4EE6-AAE0-7D3D3C9E9353}.Release|Win32.ActiveCfg = Release|Win32
		{CF1B06E7-6200-4EE6-AAE0-7D3D3C9E9353}.Release|Win32.Build.0 = Release|Win32
		{CF1B06E7-6200-4EE6-AAE0-7D3D3C9E9353}.ReleaseStatic|Win32.ActiveCfg = Release|Win32
		{CF1B06E7-6200-4EE6-AAE0-7D3D3C9E9353}.ReleaseStatic|Win32.Build.0 = Release|Win32
		{CF1B06E7-6200-4EE6-AAE0-7D3D3C9E9353}.ServerDebug|Win32.ActiveCfg = Debug|Win32
		{CF1B06E7-6200-4EE6-AAE0-7D3D3C9E9353}.ServerDebug|Win32.Build.0 = Debug|Win32
		{CF1B06E7-6200-4EE6-AAE0-7D3D3C9E9353}.ServerRelease|Win32.ActiveCfg = Release|Win32
		{CF1B06E7-6200-4EE6-AAE0-7D3D3C9E9353}.ServerRelease|Win32.Build.0 = Release|Win32
		{EE1F53B5-9166-407D-88A2-8B7259A94837}.ClientDebug|Win32.ActiveCfg = Debug|Win32
		{EE1F53B5-9166-407D-88A2-8B7259A94837}.ClientDebug|Win32.Build.0 = Debug|Win32
		{EE1F53B5-9166-407D-88A2-8B7259A94837}.ClientRelease|Win32.ActiveCfg = Release|Win32
		{EE1F53B5-9166-407D-88A2-8B7259A94837}.ClientRelease|Win32.Build.0 = Release|Win32
		{EE1F53B5-9166-407D-88A2-8B7259A94837}.Debug Multithreaded|Win32.ActiveCfg = Debug|Win32
		{EE1F53B5-9166-407D-88A2-8B7259A94837}.Debug Multithreaded|Win32.Build.0 = Debug|Win32
		{EE1F53B5-9166-407D-88A2-8B7259A94837}.Debug Singlethreaded|Win32.ActiveCfg = Debug|Win32
		{EE1F53B5-9166-407D-88A2-8B7259A94837}.Debug Singlethreaded|Win32.Build.0 = Debug|Win32
		{EE1F53B5-9166-407D-88A2-8B7259A94837}.Debug|Win32.ActiveCfg = Debug|Win32
		{EE1F53B5-9166-407D-88A2-8B7259A94837}.Debug|Win32.Build.0 = Debug|Win32
		{EE1F53B5-9166-407D-88A2-8B7259A94837}.DebugStatic|Win32.ActiveCfg = Debug|Win32
		{EE1F53B5-9166-407D-88A2-8B7259A94837}.DebugStatic|Win32.Build.0 = Debug|Win32
		{EE1F53B5-9166-407D-88A2-8B7259A94837}.Release Multithreaded|Win32.ActiveCfg = Release|Win32
		{EE1F53B5-9166-407D-88A2-8B7259A94837}.Release Multithreaded|Win32.Build.0 = Release|Win32
		{EE1F53B5-9166-407D-88A2-8B7259A94837}.Release Singlethreaded|Win32.ActiveCfg = Release|Win32
		{EE1F53B5-9166-407D-88A2-8B7259A94837}.Release Singlethreaded|Win32.Build.0 = Release|Win32
		{EE1F53B5-9166-407D-88A2-8B7259A94837}.Release_dbg|Win32.ActiveCfg = Release|Win32
		{EE1F53B5-9166-407D-88A2-8B7259A94837}.Release_dbg|Win32.Build.0 = Release|Win32
		{EE1F53B5-9166-407D-88A2-8B7259A94837}.Release|Win32.ActiveCfg = Release|Win32
		{EE1F53B5-9166-407D-88A2-8B7259A94837}.Release|Win32.Build.0 = Release|Win32
		{EE1F53B5-9166-407D-88A2-8B7259A94837}.ReleaseStatic|Win32.ActiveCfg = Release|Win32
		{EE1F53B5-9166-407D-88A2-8B7259A94837}.ReleaseStatic|Win32.Build.0 = Release|Win32
		{EE1F53B5-9166-407D-88A2-8B7259A94837}.ServerDebug|Win32.ActiveCfg = Debug|Win32
		{EE1F53B5-9166-407D-88A2-8B7259A94837}.ServerDebug|Win32.Build.0 = Debug|Win32
		{EE1F53B5-9166-407D-88A2-8B7259A94837}.ServerRelease|Win32.ActiveCfg = Release|Win32
		{EE1F53B5-9166-407D-88A2-8B7259A94837}.ServerRelease|Win32.Build.0 = Release|Win32
		{E8B592A7-90E8-48D1-87F8-447A12730AB1}.ClientDebug|Win32.ActiveCfg = Debug|Win32
		{E8B592A7-90E8-48D1-87F8-447A12730AB1}.ClientDebug|Win32.Build.0 = Debug|Win32
		{E8B592A7-90E8-48D1-87F8-447A12730AB1}.ClientRelease|Win32.ActiveCfg = Release|Win32
		{E8B592A7-90E8-48D1-87F8-447A12730AB1}.ClientRelease|Win32.Build.0 = Release|Win32
		{E8B592A7-90E8-48D1-87F8-447A12730AB1}.Debug Multithreaded|Win32.ActiveCfg = Debug|Win32
		{E8B592A7-90E8-48D1-87F8-447A12730AB1}.Debug Multithreaded|Win32.Build.0 = Debug|Win32
		{E8B592A7-90E8-48D1-87F8-447A12730AB1}.Debug Singlethreaded|Win32.ActiveCfg = Debug|Win32
		{E8B592A7-90E8-48D1-87F8-447A12730AB1}.Debug Singlethreaded|Win32.Build.0 = Debug|Win32
		{E8B592A7-90E8-48D1-87F8-447A12730AB1}.Debug|Win32.ActiveCfg = Debug|Win32
		{E8B592A7-90E8-48D1-87F8-447A12730AB1}.Debug|Win32.Build.0 = Debug|Win32
		{E8B592A7-90E8-48D1-87F8-447A12730AB1}.DebugStatic|Win32.ActiveCfg = Debug|Win32
		{E8B592A7-90E8-48D1-87F8-447A12730AB1}.DebugStatic|Win32.Build.0 = Debug|Win32
		{E8B592A7-90E8-48D1-87F8-447A12730AB1}.Release Multithreaded|Win32.ActiveCfg = Release|Win32
		{E8B592A7-90E8-48D1-87F8-447A12730AB1}.Release Multithreaded|Win32.Build.0 = Release|Win32
		{E8B592A7-90E8-48D1-87F8-447A12730AB1}.Release Singlethreaded|Win32.ActiveCfg = Release|Win32
		{E8B592A7-90E8-48D1-87F8-447A12730AB1}.Release Singlethreaded|Win32.Build.0 = Release|Win32
		{E8B592A7-90E8-48D1-87F8-447A12730AB1}.Release_dbg|Win32.ActiveCfg = Release_dbg|Win32
		{E8B592A7-90E8-48D1-87F8-447A12730AB1}.Release_dbg|Win32.Build.0 = Release_dbg|Win32
		{E8B592A7-90E8-48D1-87F8-447A12730AB1}.Release|Win32.ActiveCfg = Release|Win32
		{E8B592A7-90E8-48D1-87F8-447A12730AB1}.Release|Win32.Build.0 = Release|Win32
		{E8B592A7-90E8-48D1-87F8-447A12730AB1}.ReleaseStatic|Win32.ActiveCfg = Release|Win32
		{E8B592A7-90E8-48D1-87F8-447A12730AB1}.ReleaseStatic|Win32.Build.0 = Release|Win32
		{E8B592A7-90E8-48D1-87F8-447A12730AB1}.ServerDebug|Win32.ActiveCfg = Debug|Win32
		{E8B592A7-90E8-48D1-87F8-447A12730AB1}.ServerDebug|Win32.Build.0 = Debug|Win32
		{E8B592A7-90E8-48D1-87F8-447A12730AB1}.ServerRelease|Win32.ActiveCfg = Release|Win32
		{E8B592A7-90E8-48D1-87F8-447A12730AB1}.ServerRelease|Win32.Build.0 = Release|Win32
		{5823C3D3-2332-4429-9AD5-951E4A986FEE}.ClientDebug|Win32.ActiveCfg = Debug|Win32
		{5823C3D3-2332-4429-9AD5-951E4A986FEE}.ClientDebug|Win32.Build.0 = Debug|Win32
		{5823C3D3-2332-4429-9AD5-951E4A986FEE}.ClientRelease|Win32.ActiveCfg = Release|Win32
		{5823C3D3-2332-4429-9AD5-951E4A986FEE}.ClientRelease|Win32.Build.0 = Release|Win32
		{5823C3D3-2332-4429-9AD5-951E4A986FEE}.Debug Multithreaded|Win32.ActiveCfg = Debug|Win32
		{5823C3D3-2332-4429-9AD5-951E4A986FEE}.Debug Multithreaded|Win32.Build.0 = Debug|Win32
		{5823C3D3-2332-4429-9AD5-951E4A986FEE}.Debug Singlethreaded|Win32.ActiveCfg = Debug|Win32
		{5823C3D3-2332-4429-9AD5-951E4A986FEE}.Debug Singlethreaded|Win32.Build.0 = Debug|Win32
		{5823C3D3-2332-4429-9AD5-951E4A986FEE}.Debug|Win32.ActiveCfg = Debug|Win32
		{5823C3D3-2332-4429-9AD5-951E4A986FEE}.Debug|Win32.Build.0 = Debug|Win32
		{5823C3D3-2332-4429-9AD5-951E4A986FEE}.DebugStatic|Win32.ActiveCfg = Debug|Win32
		{5823C3D3-2332-4429-9AD5-951E4A986FEE}.DebugStatic|Win32.Build.0 = Debug|Win32
		{5823C3D3-2332-4429-9AD5-951E4A986FEE}.Release Multithreaded|Win32.ActiveCfg = Release|Win32
		{5823C3D3-2332-4429-9AD5-951E4A986FEE}.Release Multithreaded|Win32.Build.0 = Release|Win32
		{5823C3D3-2332-4429-9AD5-951E4A986FEE}.Release Singlethreaded|Win32.ActiveCfg = Release|Win32
		{5823C3D3-2332-4429-9AD5-951E4A986FEE}.Release Singlethreaded|Win32.Build.0 = Release|Win32
		{5823C3D3-2332-4429-9AD5-951E4A986FEE}.Release_dbg|Win32.ActiveCfg = Release|Win32
		{5823C3D3-2332-4429-9AD5-951E4A986FEE}.Release_dbg|Win32.Build.0 = Release|Win32
		{5823C3D3-2332-4429-9AD5-951E4A986FEE}.Release|Win32.ActiveCfg = Release|Win32
		{5823C3D3-2332-4429-9AD5-951E4A986FEE}.Release|Win32.Build.0 = Release|Win32
		{5823C3D3-2332-4429-9AD5-951E4A986FEE}.ReleaseStatic|Win32.ActiveCfg = Release|Win32
		{5823C3D3-2332-4429-9AD5-951E4A986FEE}.ReleaseStatic|Win32.Build.0 = Release|Win32
		{5823C3D3-2332-4429-9AD5-951E4A986FEE}.ServerDebug|Win32.ActiveCfg = Debug|Win32
		{5823C3D3-2332-4429-9AD5-951E4A986FEE}.ServerDebug|Win32.Build.0 = Debug|Win32
		{5823C3D3-2332-4429-9AD5-951E4A986FEE}.ServerRelease|Win32.ActiveCfg = Release|Win32
		{5823C3D3-2332-4429-9AD5-951E4A986FEE}.ServerRelease|Win32.Build.0 = Release|Win32
		{DB0A920D-69A9-4C53-B390-2632DD1115F9}.ClientDebug|Win32.ActiveCfg = Debug|Win32
		{DB0A920D-69A9-4C53-B390-2632DD1115F9}.ClientDebug|Win32.Build.0 = Debug|Win32
		{DB0A920D-69A9-4C53-B390-2632DD1115F9}.ClientRelease|Win32.ActiveCfg = Release|Win32
		{DB0A920D-69A9-4C53-B390-2632DD1115F9}.ClientRelease|Win32.Build.0 = Release|Win32
		{DB0A920D-69A9-4C53-B390-2632DD1115F9}.Debug Multithreaded|Win32.ActiveCfg = Debug|Win32
		{DB0A920D-69A9-4C53-B390-2632DD1115F9}.Debug Multithreaded|Win32.Build.0 = Debug|Win32
		{DB0A920D-69A9-4C53-B390-2632DD1115F9}.Debug Singlethreaded|Win32.ActiveCfg = Debug|Win32
		{DB0A920D-69A9-4C53-B390-2632DD1115F9}.Debug Singlethreaded|Win32.Build.0 = Debug|Win32
		{DB0A920D-69A9-4C53-B390-2632DD1115F9}.Debug|Win32.ActiveCfg = Debug|Win32
		{DB0A920D-69A9-4C53-B390-2632DD1115F9}.Debug|Win32.Build.0 = Debug|Win32
		{DB0A920D-69A9-4C53-B390-2632DD1115F9}.DebugStatic|Win32.ActiveCfg = Debug|Win32
		{DB0A920D-69A9-4C53-B390-2632DD1115F9}.DebugStatic|Win32.Build.0 = Debug|Win32
		{DB0A920D-69A9-4C53-B390-2632DD1115F9}.Release Multithreaded|Win32.ActiveCfg = Release|Win32
		{DB0A920D-69A9-4C53-B390-2632DD1115F9}.Release Multithreaded|Win32.Build.0 = Release|Win32
		{DB0A920D-69A9-4C53-B390-2632DD1115F9}.Release Singlethreaded|Win32.ActiveCfg = Release|Win32
		{DB0A920D-69A9-4C53-B390-2632DD1115F9}.Release Singlethreaded|Win32.Build.0 = Release|Win32
		{DB0A920D-69A9-4C53-B390-2632DD1115F9}.Release_dbg|Win32.ActiveCfg = Release|Win32
		{DB0A920D-69A9-4C53-B390-2632DD1115F9}.Release_dbg|Win32.Build.0 = Release|Win32
		{DB0A920D-69A9-4C53-B390-2632DD1115F9}.Release|Win32.ActiveCfg = Release|Win32
		{DB0A920D-69A9-4C53-B390-2632DD1115F9}.Release|Win32.Build.0 = Release|Win32
		{DB0A920D-69A9-4C53-B390-2632DD1115F9}.ReleaseStatic|Win32.ActiveCfg = Release|Win32
		{DB0A920D-69A9-4C53-B390-2632DD1115F9}.ReleaseStatic|Win32.Build.0 = Release|Win32
		{DB0A920D-69A9-4C53-B390-2632DD1115F9}.ServerDebug|Win32.ActiveCfg = Debug|Win32
		{DB0A920D-69A9-4C53-B390-2632DD1115F9}.ServerDebug|Win32.Build.0 = Debug|Win32
		{DB0A920D-69A9-4C53-B390-2632DD1115F9}.ServerRelease|Win32.ActiveCfg = Release|Win32
		{DB0A920D-69A9-4C53-B390-2632DD1115F9}.ServerRelease|Win32.Build.0 = Release|Win32
		{4DC69223-ACBF-460A-A608-07D37391A971}.ClientDebug|Win32.ActiveCfg = Debug|Win32
		{4DC69223-ACBF-460A-A608-07D37391A971}.ClientDebug|Win32.Build.0 = Debug|Win32
		{4DC69223-ACBF-460A-A608-07D37391A971}.ClientRelease|Win32.ActiveCfg = Release|Win32
		{4DC69223-ACBF-460A-A608-07D37391A971}.ClientRelease|Win32.Build.0 = Release|Win32
		{4DC69223-ACBF-460A-A608-07D37391A971}.Debug Multithreaded|Win32.ActiveCfg = Debug|Win32
		{4DC69223-ACBF-460A-A608-07D37391A971}.Debug Multithreaded|Win32.Build.0 = Debug|Win32
		{4DC69223-ACBF-460A-A608-07D37391A971}.Debug Singlethreaded|Win32.ActiveCfg = Debug|Win32
		{4DC69223-ACBF-460A-A608-07D37391A971}.Debug Singlethreaded|Win32.Build.0 = Debug|Win32
		{4DC69223-ACBF-460A-A608-07D37391A971}.Debug|Win32.ActiveCfg = Debug|Win32
		{4DC69223-ACBF-460A-A608-07D37391A971}.Debug|Win32.Build.0 = Debug|Win32
		{4DC69223-ACBF-460A-A608-07D37391A971}.DebugStatic|Win32.ActiveCfg = Debug|Win32
		{4DC69223-ACBF-460A-A608-07D37391A971}.DebugStatic|Win32.Build.0 = Debug|Win32
		{4DC69223-ACBF-460A-A608-07D37391A971}.Release Multithreaded|Win32.ActiveCfg = Release|Win32
		{4DC69223-ACBF-460A-A608-07D37391A971}.Release Multithreaded|Win32.Build.0 = Release|Win32
		{4DC69223-ACBF-460A-A608-07D37391A971}.Release Singlethreaded|Win32.ActiveCfg = Release|Win32
		{4DC69223-ACBF-460A-A608-07D37391A971}.Release Singlethreaded|Win32.Build.0 = Release|Win32
		{4DC69223-ACBF-460A-A608-07D37391A971}.Release_dbg|Win32.ActiveCfg = Release|Win32
		{4DC69223-ACBF-460A-A608-07D37391A971}.Release_dbg|Win32.Build.0 = Release|Win32
		{4DC69223-ACBF-460A-A608-07D37391A971}.Release|Win32.ActiveCfg = Release|Win32
		{4DC69223-ACBF-460A-A608-07D37391A971}.Release|Win32.Build.0 = Release|Win32
		{4DC69223-ACBF-460A-A608-07D37391A971}.ReleaseStatic|Win32.ActiveCfg = Release|Win32
		{4DC69223-ACBF-460A-A608-07D37391A971}.ReleaseStatic|Win32.Build.0 = Release|Win32
		{4DC69223-ACBF-460A-A608-07D37391A971}.ServerDebug|Win32.ActiveCfg = Debug|Win32
		{4DC69223-ACBF-460A-A608-07D37391A971}.ServerDebug|Win32.Build.0 = Debug|Win32
		{4DC69223-ACBF-460A-A608-07D37391A971}.ServerRelease|Win32.ActiveCfg = Release|Win32
		{4DC69223-ACBF-460A-A608-07D37391A971}.ServerRelease|Win32.Build.0 = Release|Win32
		{27462705-D773-489B-9654-ED928911E97F}.ClientDebug|Win32.ActiveCfg = Debug|Win32
		{27462705-D773-489B-9654-ED928911E97F}.ClientDebug|Win32.Build.0 = Debug|Win32
		{27462705-D773-489B-9654-ED928911E97F}.ClientRelease|Win32.ActiveCfg = Release|Win32
		{27462705-D773-489B-9654-ED928911E97F}.ClientRelease|Win32.Build.0 = Release|Win32
		{27462705-D773-489B-9654-ED928911E97F}.Debug Multithreaded|Win32.ActiveCfg = Debug|Win32
		{27462705-D773-489B-9654-ED928911E97F}.Debug Multithreaded|Win32.Build.0 = Debug|Win32
		{27462705-D773-489B-9654-ED928911E97F}.Debug Singlethreaded|Win32.ActiveCfg = Debug|Win32
		{27462705-D773-489B-9654-ED928911E97F}.Debug Singlethreaded|Win32.Build.0 = Debug|Win32
		{27462705-D773-489B-9654-ED928911E97F}.Debug|Win32.ActiveCfg = Debug|Win32
		{27462705-D773-489B-9654-ED928911E97F}.Debug|Win32.Build.0 = Debug|Win32
		{27462705-D773-489B-9654-ED928911E97F}.DebugStatic|Win32.ActiveCfg = Debug|Win32
		{27462705-D773-489B-9654-ED928911E97F}.DebugStatic|Win32.Build.0 = Debug|Win32
		{27462705-D773-489B-9654-ED928911E97F}.Release Multithreaded|Win32.ActiveCfg = Release|Win32
		{27462705-D773-489B-9654-ED928911E97F}.Release Multithreaded|Win32.Build.0 = Release|Win32
		{27462705-D773-489B-9654-ED928911E97F}.Release Singlethreaded|Win32.ActiveCfg = Release|Win32
		{27462705-D773-489B-9654-ED928911E97F}.Release Singlethreaded|Win32.Build.0 = Release|Win32
		{27462705-D773-489B-9654-ED928911E97F}.Release_dbg|Win32.ActiveCfg = Release|Win32
		{27462705-D773-489B-9654-ED928911E97F}.Release_dbg|Win32.Build.0 = Release|Win32
		{27462705-D773-489B-9654-ED928911E97F}.Release|Win32.ActiveCfg = Release|Win32
		{27462705-D773-489B-9654-ED928911E97F}.Release|Win32.Build.0 = Release|Win32
		{27462705-D773-489B-9654-ED928911E97F}.ReleaseStatic|Win32.ActiveCfg = Release|Win32
		{27462705-D773-489B-9654-ED928911E97F}.ReleaseStatic|Win32.Build.0 = Release|Win32
		{27462705-D773-489B-9654-ED928911E97F}.ServerDebug|Win32.ActiveCfg = Debug|Win32
		{27462705-D773-489B-9654-ED928911E97F}.ServerDebug|Win32.Build.0 = Debug|Win32
		{27462705-D773-489B-9654-ED928911E97F}.ServerRelease|Win32.ActiveCfg = Release|Win32
		{27462705-D773-489B-9654-ED928911E97F}.ServerRelease|Win32.Build.0 = Release|Win32
	EndGlobalSection
	GlobalSection(SolutionProperties) = preSolution
		HideSolutionNode = FALSE
	EndGlobalSection
	GlobalSection(ExtensibilityGlobals) = postSolution
		VisualSVNWorkingCopyRoot = ..\..
	EndGlobalSection
EndGlobal
